
Microsoft Visual Studio Solution File, Format Version 12.00
# Visual Studio Version 17
VisualStudioVersion = 17.7.34221.43
MinimumVisualStudioVersion = 10.0.40219.1
Project("{9A19103F-16F7-4668-BE54-9A1E7A4F7556}") = "MeshWeaver.Messaging.Contract", "src\MeshWeaver.Messaging.Contract\MeshWeaver.Messaging.Contract.csproj", "{7FECB12C-8182-4F27-9FD0-42E9C0F8699B}"
EndProject
Project("{9A19103F-16F7-4668-BE54-9A1E7A4F7556}") = "MeshWeaver.Messaging.Hub", "src\MeshWeaver.Messaging.Hub\MeshWeaver.Messaging.Hub.csproj", "{9CFF2863-52C6-4BE5-8605-99E32944CA05}"
EndProject
Project("{2150E333-8FDC-42A3-9474-1A3956D46DE8}") = "test", "test", "{CE943C7E-66DA-4F21-A97D-7897AA426F34}"
	ProjectSection(SolutionItems) = preProject
		test\Directory.Build.props = test\Directory.Build.props
		test\Directory.Packages.props = test\Directory.Packages.props
	EndProjectSection
EndProject
Project("{9A19103F-16F7-4668-BE54-9A1E7A4F7556}") = "MeshWeaver.Messaging.Hub.Test", "test\MeshWeaver.Messaging.Hub.Test\MeshWeaver.Messaging.Hub.Test.csproj", "{A27C8140-8A38-4BAB-AC7D-BA2A987FF39B}"
EndProject
Project("{9A19103F-16F7-4668-BE54-9A1E7A4F7556}") = "MeshWeaver.Application.Contract", "src\MeshWeaver.Application.Contract\MeshWeaver.Application.Contract.csproj", "{F4DB9118-0BAD-4941-A756-E38CD3300AA2}"
EndProject
Project("{2150E333-8FDC-42A3-9474-1A3956D46DE8}") = "Solution Items", "Solution Items", "{0E47DEC0-ECB0-43FC-B8DA-C5CD4CBAA8B1}"
	ProjectSection(SolutionItems) = preProject
		.editorconfig = .editorconfig
		.gitignore = .gitignore
		Directory.Build.props = Directory.Build.props
		Directory.Packages.props = Directory.Packages.props
	EndProjectSection
EndProject
Project("{9A19103F-16F7-4668-BE54-9A1E7A4F7556}") = "MeshWeaver.Layout", "src\MeshWeaver.Layout\MeshWeaver.Layout.csproj", "{38BFFE57-7A3B-49DD-9E55-14EA53BE8A9A}"
EndProject
Project("{9A19103F-16F7-4668-BE54-9A1E7A4F7556}") = "MeshWeaver.ShortGuid", "src\MeshWeaver.ShortGuid\MeshWeaver.ShortGuid.csproj", "{1D93AF74-6741-44BA-8370-45706F83946F}"
EndProject
Project("{9A19103F-16F7-4668-BE54-9A1E7A4F7556}") = "MeshWeaver.Reflection", "src\MeshWeaver.Reflection\MeshWeaver.Reflection.csproj", "{4797CE01-7D7F-48A9-9BFE-67E9867F9755}"
EndProject
Project("{9A19103F-16F7-4668-BE54-9A1E7A4F7556}") = "MeshWeaver.Serialization.Test", "test\MeshWeaver.Serialization.Test\MeshWeaver.Serialization.Test.csproj", "{6AB262EB-D721-46B6-9987-BF93EDA0FA24}"
EndProject
Project("{9A19103F-16F7-4668-BE54-9A1E7A4F7556}") = "MeshWeaver.Disposables", "src\MeshWeaver.Disposables\MeshWeaver.Disposables.csproj", "{724898BF-A43E-438A-8AAA-FD8235771CA4}"
EndProject
Project("{9A19103F-16F7-4668-BE54-9A1E7A4F7556}") = "MeshWeaver.Activities.Contract", "src\MeshWeaver.Activities.Contract\MeshWeaver.Activities.Contract.csproj", "{7BC75B64-47C0-40DE-9EF7-8CD17FB84C28}"
EndProject
Project("{9A19103F-16F7-4668-BE54-9A1E7A4F7556}") = "MeshWeaver.ServiceProvider", "src\MeshWeaver.ServiceProvider\MeshWeaver.ServiceProvider.csproj", "{D8A83A3A-3A07-4D5C-AE9F-D2A0380BD31A}"
EndProject
Project("{9A19103F-16F7-4668-BE54-9A1E7A4F7556}") = "MeshWeaver.Pivot", "src\MeshWeaver.Pivot\MeshWeaver.Pivot.csproj", "{2D5F902F-2017-49FB-882B-7E60658B0F86}"
EndProject
Project("{9A19103F-16F7-4668-BE54-9A1E7A4F7556}") = "MeshWeaver.Arithmetics", "src\MeshWeaver.Arithmetics\MeshWeaver.Arithmetics.csproj", "{575A24B1-9FDD-409F-9929-D7B4763ED489}"
EndProject
Project("{9A19103F-16F7-4668-BE54-9A1E7A4F7556}") = "MeshWeaver.Arithmetics.Abstractions", "src\MeshWeaver.Arithmetics.Abstractions\MeshWeaver.Arithmetics.Abstractions.csproj", "{886CD405-9A41-4328-9BD5-BAA08983E53A}"
EndProject
Project("{9A19103F-16F7-4668-BE54-9A1E7A4F7556}") = "MeshWeaver.Domain", "src\MeshWeaver.Domain\MeshWeaver.Domain.csproj", "{D1807EB2-9295-4DF2-A208-835043966AD3}"
EndProject
Project("{9A19103F-16F7-4668-BE54-9A1E7A4F7556}") = "MeshWeaver.DataCubes.Abstractions", "src\MeshWeaver.DataCubes.Abstractions\MeshWeaver.DataCubes.Abstractions.csproj", "{73452FD0-E16B-49D2-B070-23ECF4930437}"
EndProject
Project("{9A19103F-16F7-4668-BE54-9A1E7A4F7556}") = "MeshWeaver.Collections", "src\MeshWeaver.Collections\MeshWeaver.Collections.csproj", "{224D7712-F6AA-465A-B68A-EE68A7B88D2E}"
EndProject
Project("{9A19103F-16F7-4668-BE54-9A1E7A4F7556}") = "MeshWeaver.Equality", "src\MeshWeaver.Equality\MeshWeaver.Equality.csproj", "{CD1B76FE-031D-4448-B53D-2064AFDA7B10}"
EndProject
Project("{9A19103F-16F7-4668-BE54-9A1E7A4F7556}") = "MeshWeaver.Hierarchies", "src\MeshWeaver.Hierarchies\MeshWeaver.Hierarchies.csproj", "{8A7B879B-1301-4DD6-A4DD-FF5C351AA43D}"
EndProject
Project("{9A19103F-16F7-4668-BE54-9A1E7A4F7556}") = "MeshWeaver.Utils", "src\MeshWeaver.Utils\MeshWeaver.Utils.csproj", "{29B926F4-0502-4575-819C-BE6C00D61EDE}"
EndProject
Project("{9A19103F-16F7-4668-BE54-9A1E7A4F7556}") = "MeshWeaver.Application.Styles", "src\MeshWeaver.Application.Styles\MeshWeaver.Application.Styles.csproj", "{191D7131-B9C9-4D2D-B89A-13F0536875E0}"
EndProject
Project("{9A19103F-16F7-4668-BE54-9A1E7A4F7556}") = "MeshWeaver.DotNet.Kernel", "src\MeshWeaver.DotNet.Kernel\MeshWeaver.DotNet.Kernel.csproj", "{608AB405-01E6-4A8D-9B66-7610CB76DCBA}"
EndProject
Project("{9A19103F-16F7-4668-BE54-9A1E7A4F7556}") = "MeshWeaver.Layout.Test", "test\MeshWeaver.Layout.Test\MeshWeaver.Layout.Test.csproj", "{AF5B3E21-960D-4AEC-8E58-F211652824A5}"
EndProject
Project("{9A19103F-16F7-4668-BE54-9A1E7A4F7556}") = "MeshWeaver.DataStructures", "src\MeshWeaver.DataStructures\MeshWeaver.DataStructures.csproj", "{15F19019-986A-49C3-B7ED-BDFEBD486BA5}"
EndProject
Project("{9A19103F-16F7-4668-BE54-9A1E7A4F7556}") = "MeshWeaver.DataSetReader.Excel", "src\MeshWeaver.DataSetReader.Excel\MeshWeaver.DataSetReader.Excel.csproj", "{B8B02215-FD3D-43DF-93F6-CB6F52B4C810}"
EndProject
Project("{9A19103F-16F7-4668-BE54-9A1E7A4F7556}") = "MeshWeaver.DataSetReader.Excel.BinaryFormat", "src\MeshWeaver.DataSetReader.Excel.BinaryFormat\MeshWeaver.DataSetReader.Excel.BinaryFormat.csproj", "{2C1DBA9B-1313-4177-94EF-9A759D74334B}"
EndProject
Project("{9A19103F-16F7-4668-BE54-9A1E7A4F7556}") = "MeshWeaver.DataSetReader.Excel.OpenXmlFormat", "src\MeshWeaver.DataSetReader.Excel.OpenXmlFormat\MeshWeaver.DataSetReader.Excel.OpenXmlFormat.csproj", "{E493F03D-A78A-4AD9-BC6C-58685EED1457}"
EndProject
Project("{9A19103F-16F7-4668-BE54-9A1E7A4F7556}") = "MeshWeaver.DataSetReader.Excel.Utils", "src\MeshWeaver.DataSetReader.Excel.Utils\MeshWeaver.DataSetReader.Excel.Utils.csproj", "{85BE7667-C9A2-47D2-A3DB-732D11E2874C}"
EndProject
Project("{9A19103F-16F7-4668-BE54-9A1E7A4F7556}") = "MeshWeaver.Pivot.Test", "test\MeshWeaver.Pivot.Test\MeshWeaver.Pivot.Test.csproj", "{699AF08A-FA0F-4021-B92C-4F83CF8E5B5F}"
EndProject
Project("{9A19103F-16F7-4668-BE54-9A1E7A4F7556}") = "MeshWeaver.Json.Assertions", "test\MeshWeaver.Json.Assertions\MeshWeaver.Json.Assertions.csproj", "{15AD99F5-7B41-4DBF-8C4D-0A69CAB557D9}"
EndProject
Project("{9A19103F-16F7-4668-BE54-9A1E7A4F7556}") = "MeshWeaver.DataSetReader.Csv", "src\MeshWeaver.DataSetReader.Csv\MeshWeaver.DataSetReader.Csv.csproj", "{76FE9D01-8916-46B2-84C8-C518DBFC37EA}"
EndProject
Project("{9A19103F-16F7-4668-BE54-9A1E7A4F7556}") = "MeshWeaver.TestDomain", "test\MeshWeaver.TestDomain\MeshWeaver.TestDomain.csproj", "{2F953679-9F9B-45E0-82BE-087A954AB6E2}"
EndProject
Project("{9A19103F-16F7-4668-BE54-9A1E7A4F7556}") = "MeshWeaver.DataSetReader", "src\MeshWeaver.DataSetReader\MeshWeaver.DataSetReader.csproj", "{8DAF068D-9253-4463-8033-9F781DCC52CA}"
EndProject
Project("{9A19103F-16F7-4668-BE54-9A1E7A4F7556}") = "MeshWeaver.Json.Assertions.Test", "test\MeshWeaver.Json.Assertions.Test\MeshWeaver.Json.Assertions.Test.csproj", "{2FD27F33-1613-4A77-B226-C3657671EE9F}"
EndProject
Project("{9A19103F-16F7-4668-BE54-9A1E7A4F7556}") = "MeshWeaver.DataCubes", "src\MeshWeaver.DataCubes\MeshWeaver.DataCubes.csproj", "{1341A9E0-5A89-4B3A-A09E-443FBB935930}"
EndProject
Project("{9A19103F-16F7-4668-BE54-9A1E7A4F7556}") = "MeshWeaver.GridModel", "src\MeshWeaver.GridModel\MeshWeaver.GridModel.csproj", "{E8C81053-3B97-4862-B7EC-112A0B6CAEDD}"
EndProject
Project("{9A19103F-16F7-4668-BE54-9A1E7A4F7556}") = "MeshWeaver.Activities", "src\MeshWeaver.Activities\MeshWeaver.Activities.csproj", "{DA956DA1-471F-4B92-A8E0-A10E632A4336}"
EndProject
Project("{9A19103F-16F7-4668-BE54-9A1E7A4F7556}") = "MeshWeaver.Reporting", "src\MeshWeaver.Reporting\MeshWeaver.Reporting.csproj", "{E5E780D9-FCA3-4BAF-90C8-E1A4CE26E10A}"
EndProject
Project("{9A19103F-16F7-4668-BE54-9A1E7A4F7556}") = "MeshWeaver.Data", "src\MeshWeaver.Data\MeshWeaver.Data.csproj", "{18C3CDA0-87E5-4E05-91A2-EE95F8B7E7F7}"
EndProject
Project("{9A19103F-16F7-4668-BE54-9A1E7A4F7556}") = "MeshWeaver.Data.Test", "test\MeshWeaver.Data.Test\MeshWeaver.Data.Test.csproj", "{AA71FF58-CF0D-467F-9FDA-2883DD73DA31}"
EndProject
Project("{9A19103F-16F7-4668-BE54-9A1E7A4F7556}") = "MeshWeaver.Data.Contract", "src\MeshWeaver.Data.Contract\MeshWeaver.Data.Contract.csproj", "{1EAB617D-513E-4376-A464-530005F27ECC}"
EndProject
Project("{9A19103F-16F7-4668-BE54-9A1E7A4F7556}") = "MeshWeaver.DataStorage.EntityFramework", "src\MeshWeaver.DataStorage.EntityFramework\MeshWeaver.DataStorage.EntityFramework.csproj", "{9FB03401-450A-433B-8E3C-F11D8FB39B76}"
EndProject
Project("{9A19103F-16F7-4668-BE54-9A1E7A4F7556}") = "MeshWeaver.Import", "src\MeshWeaver.Import\MeshWeaver.Import.csproj", "{AEECAA4C-663C-491C-8F93-FB83A8B4E0A2}"
EndProject
Project("{9A19103F-16F7-4668-BE54-9A1E7A4F7556}") = "MeshWeaver.Data-EntityFramework.Test", "test\MeshWeaver.Data-EntityFramework.Test\MeshWeaver.Data-EntityFramework.Test.csproj", "{E3FCF4CE-AEA3-49BF-ABEB-7D87CC2D6267}"
EndProject
Project("{9A19103F-16F7-4668-BE54-9A1E7A4F7556}") = "MeshWeaver.DataSetReader.Test", "test\MeshWeaver.DataSetReader.Test\MeshWeaver.DataSetReader.Test.csproj", "{8C0B0FBF-F375-4175-8EB9-81E1EA0645A6}"
EndProject
Project("{9A19103F-16F7-4668-BE54-9A1E7A4F7556}") = "MeshWeaver.Import.Test", "test\MeshWeaver.Import.Test\MeshWeaver.Import.Test.csproj", "{8F19A04A-325F-4EB8-BAA3-423FE39D5C3A}"
EndProject
Project("{9A19103F-16F7-4668-BE54-9A1E7A4F7556}") = "MeshWeaver.Session", "src\MeshWeaver.Session\MeshWeaver.Session.csproj", "{F70F144A-C970-4EC4-8D59-3375F788E42A}"
EndProject
Project("{9A19103F-16F7-4668-BE54-9A1E7A4F7556}") = "MeshWeaver.Data.TestDomain", "test\MeshWeaver.Data.TestDomain\MeshWeaver.Data.TestDomain.csproj", "{6F344FFE-BAED-42FD-91CD-4F524A04EDA3}"
EndProject
Project("{9A19103F-16F7-4668-BE54-9A1E7A4F7556}") = "MeshWeaver.Reporting.Test", "test\MeshWeaver.Reporting.Test\MeshWeaver.Reporting.Test.csproj", "{FBEE91E4-0686-4F9E-AC10-2228BD67BB8D}"
EndProject
Project("{9A19103F-16F7-4668-BE54-9A1E7A4F7556}") = "MeshWeaver.Hierarchies.Test", "test\MeshWeaver.Hierarchies.Test\MeshWeaver.Hierarchies.Test.csproj", "{8B2F6D70-4F8D-41D1-A902-BF1F080CB13B}"
EndProject
Project("{9A19103F-16F7-4668-BE54-9A1E7A4F7556}") = "MeshWeaver.Charting", "src\MeshWeaver.Charting\MeshWeaver.Charting.csproj", "{CDF17221-4D7B-4C4D-A011-6EC00D1F358A}"
EndProject
Project("{9A19103F-16F7-4668-BE54-9A1E7A4F7556}") = "MeshWeaver.Charting.Pivot", "src\MeshWeaver.Charting.Pivot\MeshWeaver.Charting.Pivot.csproj", "{9DABE2DD-3EB8-430A-BA3A-BBBF18B49208}"
EndProject
Project("{9A19103F-16F7-4668-BE54-9A1E7A4F7556}") = "MeshWeaver.Charting.Test", "test\MeshWeaver.Charting.Test\MeshWeaver.Charting.Test.csproj", "{DBC408AF-DE28-4B73-AC2E-8E451F2B9EF2}"
EndProject
Project("{9A19103F-16F7-4668-BE54-9A1E7A4F7556}") = "MeshWeaver.Charting.Pivot.Test", "test\MeshWeaver.Charting.Pivot.Test\MeshWeaver.Charting.Pivot.Test.csproj", "{F1320357-8306-4633-A651-D8C190AF1189}"
EndProject
Project("{9A19103F-16F7-4668-BE54-9A1E7A4F7556}") = "MeshWeaver.Hosting", "src\MeshWeaver.Hosting\MeshWeaver.Hosting.csproj", "{3A6BD0D9-7DB9-49E5-B654-BCDB3C586DBA}"
EndProject
Project("{2150E333-8FDC-42A3-9474-1A3956D46DE8}") = "samples", "samples", "{FD265214-FBC1-4C25-A8F8-0C6827B143C8}"
	ProjectSection(SolutionItems) = preProject
		samples\Directory.Build.props = samples\Directory.Build.props
	EndProjectSection
EndProject
Project("{9A19103F-16F7-4668-BE54-9A1E7A4F7556}") = "MeshWeaver.Blazor", "src\MeshWeaver.Blazor\MeshWeaver.Blazor.csproj", "{3AC5191B-50A6-464D-B03E-AF2366E9FD00}"
EndProject
Project("{9A19103F-16F7-4668-BE54-9A1E7A4F7556}") = "MeshWeaver.Blazor.ChartJs", "src\MeshWeaver.Blazor.ChartJs\MeshWeaver.Blazor.ChartJs.csproj", "{2CA5BB18-A78B-43F2-A1EE-EC591DE5AE72}"
EndProject
Project("{9A19103F-16F7-4668-BE54-9A1E7A4F7556}") = "MeshWeaver.Blazor.AgGrid", "src\MeshWeaver.Blazor.AgGrid\MeshWeaver.Blazor.AgGrid.csproj", "{03014EA4-3DE8-4161-A7DD-86AB96132B4E}"
EndProject
Project("{9A19103F-16F7-4668-BE54-9A1E7A4F7556}") = "MeshWeaver.Documentation.Test", "test\MeshWeaver.Documentation.Test\MeshWeaver.Documentation.Test.csproj", "{8B907340-5972-462B-898F-CD833242C3AE}"
EndProject
Project("{9A19103F-16F7-4668-BE54-9A1E7A4F7556}") = "MeshWeaver.Catalog.ViewModel", "samples\MeshWeaver.Catalog.ViewModel\MeshWeaver.Catalog.ViewModel.csproj", "{97CF5D14-9D0A-48C7-B837-6816293E0A4E}"
EndProject
Project("{2150E333-8FDC-42A3-9474-1A3956D46DE8}") = "portal", "portal", "{65DFF413-97CB-45FE-9874-93B82E027D1B}"
	ProjectSection(SolutionItems) = preProject
		portal\Directory.Build.props = portal\Directory.Build.props
	EndProjectSection
EndProject
Project("{9A19103F-16F7-4668-BE54-9A1E7A4F7556}") = "MeshWeaver.Portal.AppHost", "portal\MeshWeaver.Portal.AppHost\MeshWeaver.Portal.AppHost.csproj", "{98D83FC7-3620-410B-A416-FA6192CE3D15}"
EndProject
Project("{9A19103F-16F7-4668-BE54-9A1E7A4F7556}") = "MeshWeaver.Portal.Web", "portal\MeshWeaver.Portal.Web\MeshWeaver.Portal.Web.csproj", "{E0D05CC9-3E10-4486-B79F-BF9198B2D8BB}"
EndProject
Project("{9A19103F-16F7-4668-BE54-9A1E7A4F7556}") = "MeshWeaver.Portal.Orleans", "portal\MeshWeaver.Portal.Orleans\MeshWeaver.Portal.Orleans.csproj", "{DD4D94A7-9019-4049-8557-8A9EF4B14EB9}"
EndProject
Project("{9A19103F-16F7-4668-BE54-9A1E7A4F7556}") = "MeshWeaver.Mesh.Contract", "src\MeshWeaver.Mesh.Contract\MeshWeaver.Mesh.Contract.csproj", "{58079FC4-0FDB-4848-9571-F8D380F0D818}"
EndProject
Project("{9A19103F-16F7-4668-BE54-9A1E7A4F7556}") = "MeshWeaver.Catalog.Data", "samples\MeshWeaver.Catalog.Data\MeshWeaver.Catalog.Data.csproj", "{AC5B8BDF-2A76-4540-B0FE-77615AC02CDE}"
EndProject
Project("{9A19103F-16F7-4668-BE54-9A1E7A4F7556}") = "MeshWeaver.Portal.ServiceDefaults", "portal\MeshWeaver.Portal.ServiceDefaults\MeshWeaver.Portal.ServiceDefaults.csproj", "{E00FF7F9-E783-41EA-A410-959B27BEA367}"
EndProject
Project("{9A19103F-16F7-4668-BE54-9A1E7A4F7556}") = "MeshWeaver.Catalog.Views", "samples\MeshWeaver.Catalog.Views\MeshWeaver.Catalog.Views.csproj", "{4707F203-FAEA-455A-BD61-8005165380D5}"
EndProject
Project("{9A19103F-16F7-4668-BE54-9A1E7A4F7556}") = "MeshWeaver.Hosting.Blazor", "src\MeshWeaver.Hosting.Blazor\MeshWeaver.Hosting.Blazor.csproj", "{85775595-715C-4D9C-A6B9-5418AD17B449}"
EndProject
Project("{9A19103F-16F7-4668-BE54-9A1E7A4F7556}") = "MeshWeaver.Catalog.Domain", "samples\MeshWeaver.Catalog.Domain\MeshWeaver.Catalog.Domain.csproj", "{1B870309-3EF2-490F-B224-3FA616225CC5}"
EndProject
Project("{9A19103F-16F7-4668-BE54-9A1E7A4F7556}") = "MeshWeaver.Catalog.Layout", "samples\MeshWeaver.Catalog.Layout\MeshWeaver.Catalog.Layout.csproj", "{566A2DED-1F0A-4F2B-B22E-497AC9BF3ECB}"
EndProject
Project("{9A19103F-16F7-4668-BE54-9A1E7A4F7556}") = "MeshWeaver.Hosting.Monolith", "src\MeshWeaver.Hosting.Monolith\MeshWeaver.Hosting.Monolith.csproj", "{EABBF29A-4DD9-4618-AF31-41FB705A6828}"
EndProject
Project("{2150E333-8FDC-42A3-9474-1A3956D46DE8}") = "modules", "modules", "{BFCF5E5D-1964-434B-BB7E-97F24C884FBC}"
	ProjectSection(SolutionItems) = preProject
		modules\Directory.Build.props = modules\Directory.Build.props
	EndProjectSection
EndProject
Project("{2150E333-8FDC-42A3-9474-1A3956D46DE8}") = "Northwind", "Northwind", "{80489276-45B5-4FCF-ADDF-980A56D4D2E9}"
EndProject
Project("{9A19103F-16F7-4668-BE54-9A1E7A4F7556}") = "MeshWeaver.Northwind.Domain", "modules\Northwind\MeshWeaver.Northwind.Domain\MeshWeaver.Northwind.Domain.csproj", "{6D083FB0-E703-4A72-BFCE-F1C43B627E4D}"
EndProject
Project("{9A19103F-16F7-4668-BE54-9A1E7A4F7556}") = "MeshWeaver.Northwind.Model", "modules\Northwind\MeshWeaver.Northwind.Model\MeshWeaver.Northwind.Model.csproj", "{9D66AA25-B378-49D0-B262-290909220656}"
EndProject
Project("{9A19103F-16F7-4668-BE54-9A1E7A4F7556}") = "MeshWeaver.Northwind.ViewModel", "modules\Northwind\MeshWeaver.Northwind.ViewModel\MeshWeaver.Northwind.ViewModel.csproj", "{E245F8BD-8341-41DD-9D0E-2569208958F8}"
EndProject
Project("{2150E333-8FDC-42A3-9474-1A3956D46DE8}") = "monolith", "monolith", "{4E1A12BB-5348-4DA4-B05F-F831DC16F7DE}"
	ProjectSection(SolutionItems) = preProject
		monolith\Directory.Build.props = monolith\Directory.Build.props
		MIT License.md = MIT License.md
		Readme.md = Readme.md
	EndProjectSection
EndProject
Project("{9A19103F-16F7-4668-BE54-9A1E7A4F7556}") = "MeshWeaver.Portal", "monolith\MeshWeaver.Portal\MeshWeaver.Portal.csproj", "{1471FB82-912E-411A-9141-096E0AECAAAE}"
EndProject
Project("{9A19103F-16F7-4668-BE54-9A1E7A4F7556}") = "MeshWeaver.Search.Test", "test\MeshWeaver.Search.Test\MeshWeaver.Search.Test.csproj", "{BDEC6D93-F212-456F-BEEE-DE2BADAE2A56}"
EndProject
Project("{9A19103F-16F7-4668-BE54-9A1E7A4F7556}") = "MeshWeaver.Azure.Publish", "src\MeshWeaver.Azure.Publish\MeshWeaver.Azure.Publish.csproj", "{844B4566-81A4-4CB2-9761-9B174FB7BCCB}"
EndProject
Project("{9A19103F-16F7-4668-BE54-9A1E7A4F7556}") = "MeshWeaver.Fixture", "src\MeshWeaver.Fixture\MeshWeaver.Fixture.csproj", "{6BBE6A10-FCC6-4A7D-9F3D-8D3FA18B2B3F}"
EndProject
Project("{FAE04EC0-301F-11D3-BF4B-00C04F79EFBC}") = "MeshWeaver.BusinessRules", "src\MeshWeaver.BusinessRules\MeshWeaver.BusinessRules.csproj", "{FD64EC49-287A-46D6-66C4-6299FADD4495}"
EndProject
Project("{FAE04EC0-301F-11D3-BF4B-00C04F79EFBC}") = "MeshWeaver.BusinessRules.Test", "test\MeshWeaver.BusinessRules.Test\MeshWeaver.BusinessRules.Test.csproj", "{5217DFDB-8A7D-4663-A6EF-3C3DB53F5E9D}"
EndProject
Project("{FAE04EC0-301F-11D3-BF4B-00C04F79EFBC}") = "MeshWeaver.BusinessRules.Generator", "src\MeshWeaver.BusinessRules.Generator\MeshWeaver.BusinessRules.Generator.csproj", "{9DA84ED3-8A35-43E7-81B0-7522E5DDCBBA}"
EndProject
Project("{FAE04EC0-301F-11D3-BF4B-00C04F79EFBC}") = "MeshWeaver.Domain.Layout", "src\MeshWeaver.Domain.Layout\MeshWeaver.Domain.Layout.csproj", "{0D631287-471F-42A6-F826-AA800CCD7DB5}"
EndProject
Project("{FAE04EC0-301F-11D3-BF4B-00C04F79EFBC}") = "MeshWeaver.Blazor.Notebooks", "src\MeshWeaver.Blazor.Notebooks\MeshWeaver.Blazor.Notebooks.csproj", "{14768237-C925-4153-A76E-99A89B7416EA}"
EndProject
Project("{FAE04EC0-301F-11D3-BF4B-00C04F79EFBC}") = "MeshWeaver.Notebooks", "src\MeshWeaver.Notebooks\MeshWeaver.Notebooks.csproj", "{DEA21798-1F11-4AF5-B0E2-E571FCE41A2B}"
EndProject
Project("{2150E333-8FDC-42A3-9474-1A3956D46DE8}") = "src", "src", "{02EA681E-C7D8-13C7-8484-4AC65E1B71E8}"
EndProject
Project("{FAE04EC0-301F-11D3-BF4B-00C04F79EFBC}") = "MeshWeaver.Markdown", "src\MeshWeaver.Markdown\MeshWeaver.Markdown.csproj", "{C785F115-8F58-4112-8B10-B3381FC74E73}"
EndProject
Project("{FAE04EC0-301F-11D3-BF4B-00C04F79EFBC}") = "MeshWeaver.Northwind.Test", "test\MeshWeaver.Northwind.Test\MeshWeaver.Northwind.Test.csproj", "{DF5BDE1B-F8B6-26C1-5677-8F39BB3FD4CA}"
EndProject
Project("{FAE04EC0-301F-11D3-BF4B-00C04F79EFBC}") = "MeshWeaver.Notebooks.Hub", "src\MeshWeaver.Notebooks.Hub\MeshWeaver.Notebooks.Hub.csproj", "{E4634523-1C7E-488D-9C54-1CB1823D8138}"
EndProject
Project("{FAE04EC0-301F-11D3-BF4B-00C04F79EFBC}") = "MeshWeaver.Hosting.Monolith.Test", "test\MeshWeaver.Mesh.Monolith.Test\MeshWeaver.Hosting.Monolith.Test.csproj", "{0E987CDD-A150-4815-95DC-238DC7942E32}"
EndProject
Project("{FAE04EC0-301F-11D3-BF4B-00C04F79EFBC}") = "MeshWeaver.Connection.Notebook", "src\MeshWeaver.Connection.Notebook\MeshWeaver.Connection.Notebook.csproj", "{5FD70491-0E5F-9E97-4230-881374468C53}"
EndProject
Project("{FAE04EC0-301F-11D3-BF4B-00C04F79EFBC}") = "MeshWeaver.Connection.Orleans", "src\MeshWeaver.Connection.Orleans\MeshWeaver.Connection.Orleans.csproj", "{D5AD6EF8-68A3-CA10-AA76-227186EFB012}"
EndProject
Project("{FAE04EC0-301F-11D3-BF4B-00C04F79EFBC}") = "MeshWeaver.Connection.SignalR", "src\MeshWeaver.Connection.SignalR\MeshWeaver.Connection.SignalR.csproj", "{ACCB6DE5-121D-B44B-9BFB-FF291B3E0751}"
EndProject
Project("{FAE04EC0-301F-11D3-BF4B-00C04F79EFBC}") = "MeshWeaver.Hosting.Orleans", "src\MeshWeaver.Hosting.Orleans\MeshWeaver.Hosting.Orleans.csproj", "{42D7B8D8-8933-1D1E-ECE1-A6144610F638}"
EndProject
Project("{FAE04EC0-301F-11D3-BF4B-00C04F79EFBC}") = "MeshWeaver.Hosting.SignalR", "src\MeshWeaver.Hosting.SignalR\MeshWeaver.Hosting.SignalR.csproj", "{79507279-5999-54BA-3159-D9CE75EACF54}"
EndProject
Global
	GlobalSection(SolutionConfigurationPlatforms) = preSolution
		Debug|Any CPU = Debug|Any CPU
		Release|Any CPU = Release|Any CPU
	EndGlobalSection
	GlobalSection(ProjectConfigurationPlatforms) = postSolution
		{7FECB12C-8182-4F27-9FD0-42E9C0F8699B}.Debug|Any CPU.ActiveCfg = Debug|Any CPU
		{7FECB12C-8182-4F27-9FD0-42E9C0F8699B}.Debug|Any CPU.Build.0 = Debug|Any CPU
		{7FECB12C-8182-4F27-9FD0-42E9C0F8699B}.Release|Any CPU.ActiveCfg = Release|Any CPU
		{7FECB12C-8182-4F27-9FD0-42E9C0F8699B}.Release|Any CPU.Build.0 = Release|Any CPU
		{9CFF2863-52C6-4BE5-8605-99E32944CA05}.Debug|Any CPU.ActiveCfg = Debug|Any CPU
		{9CFF2863-52C6-4BE5-8605-99E32944CA05}.Debug|Any CPU.Build.0 = Debug|Any CPU
		{9CFF2863-52C6-4BE5-8605-99E32944CA05}.Release|Any CPU.ActiveCfg = Release|Any CPU
		{9CFF2863-52C6-4BE5-8605-99E32944CA05}.Release|Any CPU.Build.0 = Release|Any CPU
		{A27C8140-8A38-4BAB-AC7D-BA2A987FF39B}.Debug|Any CPU.ActiveCfg = Debug|Any CPU
		{A27C8140-8A38-4BAB-AC7D-BA2A987FF39B}.Debug|Any CPU.Build.0 = Debug|Any CPU
		{A27C8140-8A38-4BAB-AC7D-BA2A987FF39B}.Release|Any CPU.ActiveCfg = Release|Any CPU
		{A27C8140-8A38-4BAB-AC7D-BA2A987FF39B}.Release|Any CPU.Build.0 = Release|Any CPU
		{F4DB9118-0BAD-4941-A756-E38CD3300AA2}.Debug|Any CPU.ActiveCfg = Debug|Any CPU
		{F4DB9118-0BAD-4941-A756-E38CD3300AA2}.Debug|Any CPU.Build.0 = Debug|Any CPU
		{F4DB9118-0BAD-4941-A756-E38CD3300AA2}.Release|Any CPU.ActiveCfg = Release|Any CPU
		{F4DB9118-0BAD-4941-A756-E38CD3300AA2}.Release|Any CPU.Build.0 = Release|Any CPU
		{38BFFE57-7A3B-49DD-9E55-14EA53BE8A9A}.Debug|Any CPU.ActiveCfg = Debug|Any CPU
		{38BFFE57-7A3B-49DD-9E55-14EA53BE8A9A}.Debug|Any CPU.Build.0 = Debug|Any CPU
		{38BFFE57-7A3B-49DD-9E55-14EA53BE8A9A}.Release|Any CPU.ActiveCfg = Release|Any CPU
		{38BFFE57-7A3B-49DD-9E55-14EA53BE8A9A}.Release|Any CPU.Build.0 = Release|Any CPU
		{1D93AF74-6741-44BA-8370-45706F83946F}.Debug|Any CPU.ActiveCfg = Debug|Any CPU
		{1D93AF74-6741-44BA-8370-45706F83946F}.Debug|Any CPU.Build.0 = Debug|Any CPU
		{1D93AF74-6741-44BA-8370-45706F83946F}.Release|Any CPU.ActiveCfg = Release|Any CPU
		{1D93AF74-6741-44BA-8370-45706F83946F}.Release|Any CPU.Build.0 = Release|Any CPU
		{4797CE01-7D7F-48A9-9BFE-67E9867F9755}.Debug|Any CPU.ActiveCfg = Debug|Any CPU
		{4797CE01-7D7F-48A9-9BFE-67E9867F9755}.Debug|Any CPU.Build.0 = Debug|Any CPU
		{4797CE01-7D7F-48A9-9BFE-67E9867F9755}.Release|Any CPU.ActiveCfg = Release|Any CPU
		{4797CE01-7D7F-48A9-9BFE-67E9867F9755}.Release|Any CPU.Build.0 = Release|Any CPU
		{6AB262EB-D721-46B6-9987-BF93EDA0FA24}.Debug|Any CPU.ActiveCfg = Debug|Any CPU
		{6AB262EB-D721-46B6-9987-BF93EDA0FA24}.Debug|Any CPU.Build.0 = Debug|Any CPU
		{6AB262EB-D721-46B6-9987-BF93EDA0FA24}.Release|Any CPU.ActiveCfg = Release|Any CPU
		{6AB262EB-D721-46B6-9987-BF93EDA0FA24}.Release|Any CPU.Build.0 = Release|Any CPU
		{724898BF-A43E-438A-8AAA-FD8235771CA4}.Debug|Any CPU.ActiveCfg = Debug|Any CPU
		{724898BF-A43E-438A-8AAA-FD8235771CA4}.Debug|Any CPU.Build.0 = Debug|Any CPU
		{724898BF-A43E-438A-8AAA-FD8235771CA4}.Release|Any CPU.ActiveCfg = Release|Any CPU
		{724898BF-A43E-438A-8AAA-FD8235771CA4}.Release|Any CPU.Build.0 = Release|Any CPU
		{7BC75B64-47C0-40DE-9EF7-8CD17FB84C28}.Debug|Any CPU.ActiveCfg = Debug|Any CPU
		{7BC75B64-47C0-40DE-9EF7-8CD17FB84C28}.Debug|Any CPU.Build.0 = Debug|Any CPU
		{7BC75B64-47C0-40DE-9EF7-8CD17FB84C28}.Release|Any CPU.ActiveCfg = Release|Any CPU
		{7BC75B64-47C0-40DE-9EF7-8CD17FB84C28}.Release|Any CPU.Build.0 = Release|Any CPU
		{D8A83A3A-3A07-4D5C-AE9F-D2A0380BD31A}.Debug|Any CPU.ActiveCfg = Debug|Any CPU
		{D8A83A3A-3A07-4D5C-AE9F-D2A0380BD31A}.Debug|Any CPU.Build.0 = Debug|Any CPU
		{D8A83A3A-3A07-4D5C-AE9F-D2A0380BD31A}.Release|Any CPU.ActiveCfg = Release|Any CPU
		{D8A83A3A-3A07-4D5C-AE9F-D2A0380BD31A}.Release|Any CPU.Build.0 = Release|Any CPU
		{2D5F902F-2017-49FB-882B-7E60658B0F86}.Debug|Any CPU.ActiveCfg = Debug|Any CPU
		{2D5F902F-2017-49FB-882B-7E60658B0F86}.Debug|Any CPU.Build.0 = Debug|Any CPU
		{2D5F902F-2017-49FB-882B-7E60658B0F86}.Release|Any CPU.ActiveCfg = Release|Any CPU
		{2D5F902F-2017-49FB-882B-7E60658B0F86}.Release|Any CPU.Build.0 = Release|Any CPU
		{575A24B1-9FDD-409F-9929-D7B4763ED489}.Debug|Any CPU.ActiveCfg = Debug|Any CPU
		{575A24B1-9FDD-409F-9929-D7B4763ED489}.Debug|Any CPU.Build.0 = Debug|Any CPU
		{575A24B1-9FDD-409F-9929-D7B4763ED489}.Release|Any CPU.ActiveCfg = Release|Any CPU
		{575A24B1-9FDD-409F-9929-D7B4763ED489}.Release|Any CPU.Build.0 = Release|Any CPU
		{886CD405-9A41-4328-9BD5-BAA08983E53A}.Debug|Any CPU.ActiveCfg = Debug|Any CPU
		{886CD405-9A41-4328-9BD5-BAA08983E53A}.Debug|Any CPU.Build.0 = Debug|Any CPU
		{886CD405-9A41-4328-9BD5-BAA08983E53A}.Release|Any CPU.ActiveCfg = Release|Any CPU
		{886CD405-9A41-4328-9BD5-BAA08983E53A}.Release|Any CPU.Build.0 = Release|Any CPU
		{D1807EB2-9295-4DF2-A208-835043966AD3}.Debug|Any CPU.ActiveCfg = Debug|Any CPU
		{D1807EB2-9295-4DF2-A208-835043966AD3}.Debug|Any CPU.Build.0 = Debug|Any CPU
		{D1807EB2-9295-4DF2-A208-835043966AD3}.Release|Any CPU.ActiveCfg = Release|Any CPU
		{D1807EB2-9295-4DF2-A208-835043966AD3}.Release|Any CPU.Build.0 = Release|Any CPU
		{73452FD0-E16B-49D2-B070-23ECF4930437}.Debug|Any CPU.ActiveCfg = Debug|Any CPU
		{73452FD0-E16B-49D2-B070-23ECF4930437}.Debug|Any CPU.Build.0 = Debug|Any CPU
		{73452FD0-E16B-49D2-B070-23ECF4930437}.Release|Any CPU.ActiveCfg = Release|Any CPU
		{73452FD0-E16B-49D2-B070-23ECF4930437}.Release|Any CPU.Build.0 = Release|Any CPU
		{224D7712-F6AA-465A-B68A-EE68A7B88D2E}.Debug|Any CPU.ActiveCfg = Debug|Any CPU
		{224D7712-F6AA-465A-B68A-EE68A7B88D2E}.Debug|Any CPU.Build.0 = Debug|Any CPU
		{224D7712-F6AA-465A-B68A-EE68A7B88D2E}.Release|Any CPU.ActiveCfg = Release|Any CPU
		{224D7712-F6AA-465A-B68A-EE68A7B88D2E}.Release|Any CPU.Build.0 = Release|Any CPU
		{CD1B76FE-031D-4448-B53D-2064AFDA7B10}.Debug|Any CPU.ActiveCfg = Debug|Any CPU
		{CD1B76FE-031D-4448-B53D-2064AFDA7B10}.Debug|Any CPU.Build.0 = Debug|Any CPU
		{CD1B76FE-031D-4448-B53D-2064AFDA7B10}.Release|Any CPU.ActiveCfg = Release|Any CPU
		{CD1B76FE-031D-4448-B53D-2064AFDA7B10}.Release|Any CPU.Build.0 = Release|Any CPU
		{8A7B879B-1301-4DD6-A4DD-FF5C351AA43D}.Debug|Any CPU.ActiveCfg = Debug|Any CPU
		{8A7B879B-1301-4DD6-A4DD-FF5C351AA43D}.Debug|Any CPU.Build.0 = Debug|Any CPU
		{8A7B879B-1301-4DD6-A4DD-FF5C351AA43D}.Release|Any CPU.ActiveCfg = Release|Any CPU
		{8A7B879B-1301-4DD6-A4DD-FF5C351AA43D}.Release|Any CPU.Build.0 = Release|Any CPU
		{29B926F4-0502-4575-819C-BE6C00D61EDE}.Debug|Any CPU.ActiveCfg = Debug|Any CPU
		{29B926F4-0502-4575-819C-BE6C00D61EDE}.Debug|Any CPU.Build.0 = Debug|Any CPU
		{29B926F4-0502-4575-819C-BE6C00D61EDE}.Release|Any CPU.ActiveCfg = Release|Any CPU
		{29B926F4-0502-4575-819C-BE6C00D61EDE}.Release|Any CPU.Build.0 = Release|Any CPU
		{191D7131-B9C9-4D2D-B89A-13F0536875E0}.Debug|Any CPU.ActiveCfg = Debug|Any CPU
		{191D7131-B9C9-4D2D-B89A-13F0536875E0}.Debug|Any CPU.Build.0 = Debug|Any CPU
		{191D7131-B9C9-4D2D-B89A-13F0536875E0}.Release|Any CPU.ActiveCfg = Release|Any CPU
		{191D7131-B9C9-4D2D-B89A-13F0536875E0}.Release|Any CPU.Build.0 = Release|Any CPU
		{608AB405-01E6-4A8D-9B66-7610CB76DCBA}.Debug|Any CPU.ActiveCfg = Debug|Any CPU
		{608AB405-01E6-4A8D-9B66-7610CB76DCBA}.Debug|Any CPU.Build.0 = Debug|Any CPU
		{608AB405-01E6-4A8D-9B66-7610CB76DCBA}.Release|Any CPU.ActiveCfg = Release|Any CPU
		{608AB405-01E6-4A8D-9B66-7610CB76DCBA}.Release|Any CPU.Build.0 = Release|Any CPU
		{AF5B3E21-960D-4AEC-8E58-F211652824A5}.Debug|Any CPU.ActiveCfg = Debug|Any CPU
		{AF5B3E21-960D-4AEC-8E58-F211652824A5}.Debug|Any CPU.Build.0 = Debug|Any CPU
		{AF5B3E21-960D-4AEC-8E58-F211652824A5}.Release|Any CPU.ActiveCfg = Release|Any CPU
		{AF5B3E21-960D-4AEC-8E58-F211652824A5}.Release|Any CPU.Build.0 = Release|Any CPU
		{15F19019-986A-49C3-B7ED-BDFEBD486BA5}.Debug|Any CPU.ActiveCfg = Debug|Any CPU
		{15F19019-986A-49C3-B7ED-BDFEBD486BA5}.Debug|Any CPU.Build.0 = Debug|Any CPU
		{15F19019-986A-49C3-B7ED-BDFEBD486BA5}.Release|Any CPU.ActiveCfg = Release|Any CPU
		{15F19019-986A-49C3-B7ED-BDFEBD486BA5}.Release|Any CPU.Build.0 = Release|Any CPU
		{B8B02215-FD3D-43DF-93F6-CB6F52B4C810}.Debug|Any CPU.ActiveCfg = Debug|Any CPU
		{B8B02215-FD3D-43DF-93F6-CB6F52B4C810}.Debug|Any CPU.Build.0 = Debug|Any CPU
		{B8B02215-FD3D-43DF-93F6-CB6F52B4C810}.Release|Any CPU.ActiveCfg = Release|Any CPU
		{B8B02215-FD3D-43DF-93F6-CB6F52B4C810}.Release|Any CPU.Build.0 = Release|Any CPU
		{2C1DBA9B-1313-4177-94EF-9A759D74334B}.Debug|Any CPU.ActiveCfg = Debug|Any CPU
		{2C1DBA9B-1313-4177-94EF-9A759D74334B}.Debug|Any CPU.Build.0 = Debug|Any CPU
		{2C1DBA9B-1313-4177-94EF-9A759D74334B}.Release|Any CPU.ActiveCfg = Release|Any CPU
		{2C1DBA9B-1313-4177-94EF-9A759D74334B}.Release|Any CPU.Build.0 = Release|Any CPU
		{E493F03D-A78A-4AD9-BC6C-58685EED1457}.Debug|Any CPU.ActiveCfg = Debug|Any CPU
		{E493F03D-A78A-4AD9-BC6C-58685EED1457}.Debug|Any CPU.Build.0 = Debug|Any CPU
		{E493F03D-A78A-4AD9-BC6C-58685EED1457}.Release|Any CPU.ActiveCfg = Release|Any CPU
		{E493F03D-A78A-4AD9-BC6C-58685EED1457}.Release|Any CPU.Build.0 = Release|Any CPU
		{85BE7667-C9A2-47D2-A3DB-732D11E2874C}.Debug|Any CPU.ActiveCfg = Debug|Any CPU
		{85BE7667-C9A2-47D2-A3DB-732D11E2874C}.Debug|Any CPU.Build.0 = Debug|Any CPU
		{85BE7667-C9A2-47D2-A3DB-732D11E2874C}.Release|Any CPU.ActiveCfg = Release|Any CPU
		{85BE7667-C9A2-47D2-A3DB-732D11E2874C}.Release|Any CPU.Build.0 = Release|Any CPU
		{699AF08A-FA0F-4021-B92C-4F83CF8E5B5F}.Debug|Any CPU.ActiveCfg = Debug|Any CPU
		{699AF08A-FA0F-4021-B92C-4F83CF8E5B5F}.Debug|Any CPU.Build.0 = Debug|Any CPU
		{699AF08A-FA0F-4021-B92C-4F83CF8E5B5F}.Release|Any CPU.ActiveCfg = Release|Any CPU
		{699AF08A-FA0F-4021-B92C-4F83CF8E5B5F}.Release|Any CPU.Build.0 = Release|Any CPU
		{15AD99F5-7B41-4DBF-8C4D-0A69CAB557D9}.Debug|Any CPU.ActiveCfg = Debug|Any CPU
		{15AD99F5-7B41-4DBF-8C4D-0A69CAB557D9}.Debug|Any CPU.Build.0 = Debug|Any CPU
		{15AD99F5-7B41-4DBF-8C4D-0A69CAB557D9}.Release|Any CPU.ActiveCfg = Release|Any CPU
		{15AD99F5-7B41-4DBF-8C4D-0A69CAB557D9}.Release|Any CPU.Build.0 = Release|Any CPU
		{76FE9D01-8916-46B2-84C8-C518DBFC37EA}.Debug|Any CPU.ActiveCfg = Debug|Any CPU
		{76FE9D01-8916-46B2-84C8-C518DBFC37EA}.Debug|Any CPU.Build.0 = Debug|Any CPU
		{76FE9D01-8916-46B2-84C8-C518DBFC37EA}.Release|Any CPU.ActiveCfg = Release|Any CPU
		{76FE9D01-8916-46B2-84C8-C518DBFC37EA}.Release|Any CPU.Build.0 = Release|Any CPU
		{2F953679-9F9B-45E0-82BE-087A954AB6E2}.Debug|Any CPU.ActiveCfg = Debug|Any CPU
		{2F953679-9F9B-45E0-82BE-087A954AB6E2}.Debug|Any CPU.Build.0 = Debug|Any CPU
		{2F953679-9F9B-45E0-82BE-087A954AB6E2}.Release|Any CPU.ActiveCfg = Release|Any CPU
		{2F953679-9F9B-45E0-82BE-087A954AB6E2}.Release|Any CPU.Build.0 = Release|Any CPU
		{8DAF068D-9253-4463-8033-9F781DCC52CA}.Debug|Any CPU.ActiveCfg = Debug|Any CPU
		{8DAF068D-9253-4463-8033-9F781DCC52CA}.Debug|Any CPU.Build.0 = Debug|Any CPU
		{8DAF068D-9253-4463-8033-9F781DCC52CA}.Release|Any CPU.ActiveCfg = Release|Any CPU
		{8DAF068D-9253-4463-8033-9F781DCC52CA}.Release|Any CPU.Build.0 = Release|Any CPU
		{2FD27F33-1613-4A77-B226-C3657671EE9F}.Debug|Any CPU.ActiveCfg = Debug|Any CPU
		{2FD27F33-1613-4A77-B226-C3657671EE9F}.Debug|Any CPU.Build.0 = Debug|Any CPU
		{2FD27F33-1613-4A77-B226-C3657671EE9F}.Release|Any CPU.ActiveCfg = Release|Any CPU
		{2FD27F33-1613-4A77-B226-C3657671EE9F}.Release|Any CPU.Build.0 = Release|Any CPU
		{1341A9E0-5A89-4B3A-A09E-443FBB935930}.Debug|Any CPU.ActiveCfg = Debug|Any CPU
		{1341A9E0-5A89-4B3A-A09E-443FBB935930}.Debug|Any CPU.Build.0 = Debug|Any CPU
		{1341A9E0-5A89-4B3A-A09E-443FBB935930}.Release|Any CPU.ActiveCfg = Release|Any CPU
		{1341A9E0-5A89-4B3A-A09E-443FBB935930}.Release|Any CPU.Build.0 = Release|Any CPU
		{E8C81053-3B97-4862-B7EC-112A0B6CAEDD}.Debug|Any CPU.ActiveCfg = Debug|Any CPU
		{E8C81053-3B97-4862-B7EC-112A0B6CAEDD}.Debug|Any CPU.Build.0 = Debug|Any CPU
		{E8C81053-3B97-4862-B7EC-112A0B6CAEDD}.Release|Any CPU.ActiveCfg = Release|Any CPU
		{E8C81053-3B97-4862-B7EC-112A0B6CAEDD}.Release|Any CPU.Build.0 = Release|Any CPU
		{DA956DA1-471F-4B92-A8E0-A10E632A4336}.Debug|Any CPU.ActiveCfg = Debug|Any CPU
		{DA956DA1-471F-4B92-A8E0-A10E632A4336}.Debug|Any CPU.Build.0 = Debug|Any CPU
		{DA956DA1-471F-4B92-A8E0-A10E632A4336}.Release|Any CPU.ActiveCfg = Release|Any CPU
		{DA956DA1-471F-4B92-A8E0-A10E632A4336}.Release|Any CPU.Build.0 = Release|Any CPU
		{E5E780D9-FCA3-4BAF-90C8-E1A4CE26E10A}.Debug|Any CPU.ActiveCfg = Debug|Any CPU
		{E5E780D9-FCA3-4BAF-90C8-E1A4CE26E10A}.Debug|Any CPU.Build.0 = Debug|Any CPU
		{E5E780D9-FCA3-4BAF-90C8-E1A4CE26E10A}.Release|Any CPU.ActiveCfg = Release|Any CPU
		{E5E780D9-FCA3-4BAF-90C8-E1A4CE26E10A}.Release|Any CPU.Build.0 = Release|Any CPU
		{18C3CDA0-87E5-4E05-91A2-EE95F8B7E7F7}.Debug|Any CPU.ActiveCfg = Debug|Any CPU
		{18C3CDA0-87E5-4E05-91A2-EE95F8B7E7F7}.Debug|Any CPU.Build.0 = Debug|Any CPU
		{18C3CDA0-87E5-4E05-91A2-EE95F8B7E7F7}.Release|Any CPU.ActiveCfg = Release|Any CPU
		{18C3CDA0-87E5-4E05-91A2-EE95F8B7E7F7}.Release|Any CPU.Build.0 = Release|Any CPU
		{AA71FF58-CF0D-467F-9FDA-2883DD73DA31}.Debug|Any CPU.ActiveCfg = Debug|Any CPU
		{AA71FF58-CF0D-467F-9FDA-2883DD73DA31}.Debug|Any CPU.Build.0 = Debug|Any CPU
		{AA71FF58-CF0D-467F-9FDA-2883DD73DA31}.Release|Any CPU.ActiveCfg = Release|Any CPU
		{AA71FF58-CF0D-467F-9FDA-2883DD73DA31}.Release|Any CPU.Build.0 = Release|Any CPU
		{1EAB617D-513E-4376-A464-530005F27ECC}.Debug|Any CPU.ActiveCfg = Debug|Any CPU
		{1EAB617D-513E-4376-A464-530005F27ECC}.Debug|Any CPU.Build.0 = Debug|Any CPU
		{1EAB617D-513E-4376-A464-530005F27ECC}.Release|Any CPU.ActiveCfg = Release|Any CPU
		{1EAB617D-513E-4376-A464-530005F27ECC}.Release|Any CPU.Build.0 = Release|Any CPU
		{9FB03401-450A-433B-8E3C-F11D8FB39B76}.Debug|Any CPU.ActiveCfg = Debug|Any CPU
		{9FB03401-450A-433B-8E3C-F11D8FB39B76}.Debug|Any CPU.Build.0 = Debug|Any CPU
		{9FB03401-450A-433B-8E3C-F11D8FB39B76}.Release|Any CPU.ActiveCfg = Release|Any CPU
		{9FB03401-450A-433B-8E3C-F11D8FB39B76}.Release|Any CPU.Build.0 = Release|Any CPU
		{AEECAA4C-663C-491C-8F93-FB83A8B4E0A2}.Debug|Any CPU.ActiveCfg = Debug|Any CPU
		{AEECAA4C-663C-491C-8F93-FB83A8B4E0A2}.Debug|Any CPU.Build.0 = Debug|Any CPU
		{AEECAA4C-663C-491C-8F93-FB83A8B4E0A2}.Release|Any CPU.ActiveCfg = Release|Any CPU
		{AEECAA4C-663C-491C-8F93-FB83A8B4E0A2}.Release|Any CPU.Build.0 = Release|Any CPU
		{E3FCF4CE-AEA3-49BF-ABEB-7D87CC2D6267}.Debug|Any CPU.ActiveCfg = Debug|Any CPU
		{E3FCF4CE-AEA3-49BF-ABEB-7D87CC2D6267}.Debug|Any CPU.Build.0 = Debug|Any CPU
		{E3FCF4CE-AEA3-49BF-ABEB-7D87CC2D6267}.Release|Any CPU.ActiveCfg = Release|Any CPU
		{E3FCF4CE-AEA3-49BF-ABEB-7D87CC2D6267}.Release|Any CPU.Build.0 = Release|Any CPU
		{8C0B0FBF-F375-4175-8EB9-81E1EA0645A6}.Debug|Any CPU.ActiveCfg = Debug|Any CPU
		{8C0B0FBF-F375-4175-8EB9-81E1EA0645A6}.Debug|Any CPU.Build.0 = Debug|Any CPU
		{8C0B0FBF-F375-4175-8EB9-81E1EA0645A6}.Release|Any CPU.ActiveCfg = Release|Any CPU
		{8C0B0FBF-F375-4175-8EB9-81E1EA0645A6}.Release|Any CPU.Build.0 = Release|Any CPU
		{8F19A04A-325F-4EB8-BAA3-423FE39D5C3A}.Debug|Any CPU.ActiveCfg = Debug|Any CPU
		{8F19A04A-325F-4EB8-BAA3-423FE39D5C3A}.Debug|Any CPU.Build.0 = Debug|Any CPU
		{8F19A04A-325F-4EB8-BAA3-423FE39D5C3A}.Release|Any CPU.ActiveCfg = Release|Any CPU
		{8F19A04A-325F-4EB8-BAA3-423FE39D5C3A}.Release|Any CPU.Build.0 = Release|Any CPU
		{F70F144A-C970-4EC4-8D59-3375F788E42A}.Debug|Any CPU.ActiveCfg = Debug|Any CPU
		{F70F144A-C970-4EC4-8D59-3375F788E42A}.Debug|Any CPU.Build.0 = Debug|Any CPU
		{F70F144A-C970-4EC4-8D59-3375F788E42A}.Release|Any CPU.ActiveCfg = Release|Any CPU
		{F70F144A-C970-4EC4-8D59-3375F788E42A}.Release|Any CPU.Build.0 = Release|Any CPU
		{6F344FFE-BAED-42FD-91CD-4F524A04EDA3}.Debug|Any CPU.ActiveCfg = Debug|Any CPU
		{6F344FFE-BAED-42FD-91CD-4F524A04EDA3}.Debug|Any CPU.Build.0 = Debug|Any CPU
		{6F344FFE-BAED-42FD-91CD-4F524A04EDA3}.Release|Any CPU.ActiveCfg = Release|Any CPU
		{6F344FFE-BAED-42FD-91CD-4F524A04EDA3}.Release|Any CPU.Build.0 = Release|Any CPU
		{FBEE91E4-0686-4F9E-AC10-2228BD67BB8D}.Debug|Any CPU.ActiveCfg = Debug|Any CPU
		{FBEE91E4-0686-4F9E-AC10-2228BD67BB8D}.Debug|Any CPU.Build.0 = Debug|Any CPU
		{FBEE91E4-0686-4F9E-AC10-2228BD67BB8D}.Release|Any CPU.ActiveCfg = Release|Any CPU
		{FBEE91E4-0686-4F9E-AC10-2228BD67BB8D}.Release|Any CPU.Build.0 = Release|Any CPU
		{8B2F6D70-4F8D-41D1-A902-BF1F080CB13B}.Debug|Any CPU.ActiveCfg = Debug|Any CPU
		{8B2F6D70-4F8D-41D1-A902-BF1F080CB13B}.Debug|Any CPU.Build.0 = Debug|Any CPU
		{8B2F6D70-4F8D-41D1-A902-BF1F080CB13B}.Release|Any CPU.ActiveCfg = Release|Any CPU
		{8B2F6D70-4F8D-41D1-A902-BF1F080CB13B}.Release|Any CPU.Build.0 = Release|Any CPU
		{CDF17221-4D7B-4C4D-A011-6EC00D1F358A}.Debug|Any CPU.ActiveCfg = Debug|Any CPU
		{CDF17221-4D7B-4C4D-A011-6EC00D1F358A}.Debug|Any CPU.Build.0 = Debug|Any CPU
		{CDF17221-4D7B-4C4D-A011-6EC00D1F358A}.Release|Any CPU.ActiveCfg = Release|Any CPU
		{CDF17221-4D7B-4C4D-A011-6EC00D1F358A}.Release|Any CPU.Build.0 = Release|Any CPU
		{9DABE2DD-3EB8-430A-BA3A-BBBF18B49208}.Debug|Any CPU.ActiveCfg = Debug|Any CPU
		{9DABE2DD-3EB8-430A-BA3A-BBBF18B49208}.Debug|Any CPU.Build.0 = Debug|Any CPU
		{9DABE2DD-3EB8-430A-BA3A-BBBF18B49208}.Release|Any CPU.ActiveCfg = Release|Any CPU
		{9DABE2DD-3EB8-430A-BA3A-BBBF18B49208}.Release|Any CPU.Build.0 = Release|Any CPU
		{DBC408AF-DE28-4B73-AC2E-8E451F2B9EF2}.Debug|Any CPU.ActiveCfg = Debug|Any CPU
		{DBC408AF-DE28-4B73-AC2E-8E451F2B9EF2}.Debug|Any CPU.Build.0 = Debug|Any CPU
		{DBC408AF-DE28-4B73-AC2E-8E451F2B9EF2}.Release|Any CPU.ActiveCfg = Release|Any CPU
		{DBC408AF-DE28-4B73-AC2E-8E451F2B9EF2}.Release|Any CPU.Build.0 = Release|Any CPU
		{F1320357-8306-4633-A651-D8C190AF1189}.Debug|Any CPU.ActiveCfg = Debug|Any CPU
		{F1320357-8306-4633-A651-D8C190AF1189}.Debug|Any CPU.Build.0 = Debug|Any CPU
		{F1320357-8306-4633-A651-D8C190AF1189}.Release|Any CPU.ActiveCfg = Release|Any CPU
		{F1320357-8306-4633-A651-D8C190AF1189}.Release|Any CPU.Build.0 = Release|Any CPU
		{3A6BD0D9-7DB9-49E5-B654-BCDB3C586DBA}.Debug|Any CPU.ActiveCfg = Debug|Any CPU
		{3A6BD0D9-7DB9-49E5-B654-BCDB3C586DBA}.Debug|Any CPU.Build.0 = Debug|Any CPU
		{3A6BD0D9-7DB9-49E5-B654-BCDB3C586DBA}.Release|Any CPU.ActiveCfg = Release|Any CPU
		{3A6BD0D9-7DB9-49E5-B654-BCDB3C586DBA}.Release|Any CPU.Build.0 = Release|Any CPU
		{3AC5191B-50A6-464D-B03E-AF2366E9FD00}.Debug|Any CPU.ActiveCfg = Debug|Any CPU
		{3AC5191B-50A6-464D-B03E-AF2366E9FD00}.Debug|Any CPU.Build.0 = Debug|Any CPU
		{3AC5191B-50A6-464D-B03E-AF2366E9FD00}.Release|Any CPU.ActiveCfg = Release|Any CPU
		{3AC5191B-50A6-464D-B03E-AF2366E9FD00}.Release|Any CPU.Build.0 = Release|Any CPU
		{2CA5BB18-A78B-43F2-A1EE-EC591DE5AE72}.Debug|Any CPU.ActiveCfg = Debug|Any CPU
		{2CA5BB18-A78B-43F2-A1EE-EC591DE5AE72}.Debug|Any CPU.Build.0 = Debug|Any CPU
		{2CA5BB18-A78B-43F2-A1EE-EC591DE5AE72}.Release|Any CPU.ActiveCfg = Release|Any CPU
		{2CA5BB18-A78B-43F2-A1EE-EC591DE5AE72}.Release|Any CPU.Build.0 = Release|Any CPU
		{03014EA4-3DE8-4161-A7DD-86AB96132B4E}.Debug|Any CPU.ActiveCfg = Debug|Any CPU
		{03014EA4-3DE8-4161-A7DD-86AB96132B4E}.Debug|Any CPU.Build.0 = Debug|Any CPU
		{03014EA4-3DE8-4161-A7DD-86AB96132B4E}.Release|Any CPU.ActiveCfg = Release|Any CPU
		{03014EA4-3DE8-4161-A7DD-86AB96132B4E}.Release|Any CPU.Build.0 = Release|Any CPU
		{8B907340-5972-462B-898F-CD833242C3AE}.Debug|Any CPU.ActiveCfg = Debug|Any CPU
		{8B907340-5972-462B-898F-CD833242C3AE}.Debug|Any CPU.Build.0 = Debug|Any CPU
		{8B907340-5972-462B-898F-CD833242C3AE}.Release|Any CPU.ActiveCfg = Release|Any CPU
		{8B907340-5972-462B-898F-CD833242C3AE}.Release|Any CPU.Build.0 = Release|Any CPU
		{97CF5D14-9D0A-48C7-B837-6816293E0A4E}.Debug|Any CPU.ActiveCfg = Debug|Any CPU
		{97CF5D14-9D0A-48C7-B837-6816293E0A4E}.Debug|Any CPU.Build.0 = Debug|Any CPU
		{97CF5D14-9D0A-48C7-B837-6816293E0A4E}.Release|Any CPU.ActiveCfg = Release|Any CPU
		{97CF5D14-9D0A-48C7-B837-6816293E0A4E}.Release|Any CPU.Build.0 = Release|Any CPU
		{98D83FC7-3620-410B-A416-FA6192CE3D15}.Debug|Any CPU.ActiveCfg = Debug|Any CPU
		{98D83FC7-3620-410B-A416-FA6192CE3D15}.Debug|Any CPU.Build.0 = Debug|Any CPU
		{98D83FC7-3620-410B-A416-FA6192CE3D15}.Release|Any CPU.ActiveCfg = Release|Any CPU
		{98D83FC7-3620-410B-A416-FA6192CE3D15}.Release|Any CPU.Build.0 = Release|Any CPU
		{E0D05CC9-3E10-4486-B79F-BF9198B2D8BB}.Debug|Any CPU.ActiveCfg = Debug|Any CPU
		{E0D05CC9-3E10-4486-B79F-BF9198B2D8BB}.Debug|Any CPU.Build.0 = Debug|Any CPU
		{E0D05CC9-3E10-4486-B79F-BF9198B2D8BB}.Release|Any CPU.ActiveCfg = Release|Any CPU
		{E0D05CC9-3E10-4486-B79F-BF9198B2D8BB}.Release|Any CPU.Build.0 = Release|Any CPU
		{DD4D94A7-9019-4049-8557-8A9EF4B14EB9}.Debug|Any CPU.ActiveCfg = Debug|Any CPU
		{DD4D94A7-9019-4049-8557-8A9EF4B14EB9}.Debug|Any CPU.Build.0 = Debug|Any CPU
		{DD4D94A7-9019-4049-8557-8A9EF4B14EB9}.Release|Any CPU.ActiveCfg = Release|Any CPU
		{DD4D94A7-9019-4049-8557-8A9EF4B14EB9}.Release|Any CPU.Build.0 = Release|Any CPU
		{58079FC4-0FDB-4848-9571-F8D380F0D818}.Debug|Any CPU.ActiveCfg = Debug|Any CPU
		{58079FC4-0FDB-4848-9571-F8D380F0D818}.Debug|Any CPU.Build.0 = Debug|Any CPU
		{58079FC4-0FDB-4848-9571-F8D380F0D818}.Release|Any CPU.ActiveCfg = Release|Any CPU
		{58079FC4-0FDB-4848-9571-F8D380F0D818}.Release|Any CPU.Build.0 = Release|Any CPU
		{AC5B8BDF-2A76-4540-B0FE-77615AC02CDE}.Debug|Any CPU.ActiveCfg = Debug|Any CPU
		{AC5B8BDF-2A76-4540-B0FE-77615AC02CDE}.Debug|Any CPU.Build.0 = Debug|Any CPU
		{AC5B8BDF-2A76-4540-B0FE-77615AC02CDE}.Release|Any CPU.ActiveCfg = Release|Any CPU
		{AC5B8BDF-2A76-4540-B0FE-77615AC02CDE}.Release|Any CPU.Build.0 = Release|Any CPU
		{E00FF7F9-E783-41EA-A410-959B27BEA367}.Debug|Any CPU.ActiveCfg = Debug|Any CPU
		{E00FF7F9-E783-41EA-A410-959B27BEA367}.Debug|Any CPU.Build.0 = Debug|Any CPU
		{E00FF7F9-E783-41EA-A410-959B27BEA367}.Release|Any CPU.ActiveCfg = Release|Any CPU
		{E00FF7F9-E783-41EA-A410-959B27BEA367}.Release|Any CPU.Build.0 = Release|Any CPU
		{4707F203-FAEA-455A-BD61-8005165380D5}.Debug|Any CPU.ActiveCfg = Debug|Any CPU
		{4707F203-FAEA-455A-BD61-8005165380D5}.Debug|Any CPU.Build.0 = Debug|Any CPU
		{4707F203-FAEA-455A-BD61-8005165380D5}.Release|Any CPU.ActiveCfg = Release|Any CPU
		{4707F203-FAEA-455A-BD61-8005165380D5}.Release|Any CPU.Build.0 = Release|Any CPU
		{85775595-715C-4D9C-A6B9-5418AD17B449}.Debug|Any CPU.ActiveCfg = Debug|Any CPU
		{85775595-715C-4D9C-A6B9-5418AD17B449}.Debug|Any CPU.Build.0 = Debug|Any CPU
		{85775595-715C-4D9C-A6B9-5418AD17B449}.Release|Any CPU.ActiveCfg = Release|Any CPU
		{85775595-715C-4D9C-A6B9-5418AD17B449}.Release|Any CPU.Build.0 = Release|Any CPU
		{1B870309-3EF2-490F-B224-3FA616225CC5}.Debug|Any CPU.ActiveCfg = Debug|Any CPU
		{1B870309-3EF2-490F-B224-3FA616225CC5}.Debug|Any CPU.Build.0 = Debug|Any CPU
		{1B870309-3EF2-490F-B224-3FA616225CC5}.Release|Any CPU.ActiveCfg = Release|Any CPU
		{1B870309-3EF2-490F-B224-3FA616225CC5}.Release|Any CPU.Build.0 = Release|Any CPU
		{566A2DED-1F0A-4F2B-B22E-497AC9BF3ECB}.Debug|Any CPU.ActiveCfg = Debug|Any CPU
		{566A2DED-1F0A-4F2B-B22E-497AC9BF3ECB}.Debug|Any CPU.Build.0 = Debug|Any CPU
		{566A2DED-1F0A-4F2B-B22E-497AC9BF3ECB}.Release|Any CPU.ActiveCfg = Release|Any CPU
		{566A2DED-1F0A-4F2B-B22E-497AC9BF3ECB}.Release|Any CPU.Build.0 = Release|Any CPU
		{EABBF29A-4DD9-4618-AF31-41FB705A6828}.Debug|Any CPU.ActiveCfg = Debug|Any CPU
		{EABBF29A-4DD9-4618-AF31-41FB705A6828}.Debug|Any CPU.Build.0 = Debug|Any CPU
		{EABBF29A-4DD9-4618-AF31-41FB705A6828}.Release|Any CPU.ActiveCfg = Release|Any CPU
		{EABBF29A-4DD9-4618-AF31-41FB705A6828}.Release|Any CPU.Build.0 = Release|Any CPU
		{6D083FB0-E703-4A72-BFCE-F1C43B627E4D}.Debug|Any CPU.ActiveCfg = Debug|Any CPU
		{6D083FB0-E703-4A72-BFCE-F1C43B627E4D}.Debug|Any CPU.Build.0 = Debug|Any CPU
		{6D083FB0-E703-4A72-BFCE-F1C43B627E4D}.Release|Any CPU.ActiveCfg = Release|Any CPU
		{6D083FB0-E703-4A72-BFCE-F1C43B627E4D}.Release|Any CPU.Build.0 = Release|Any CPU
		{9D66AA25-B378-49D0-B262-290909220656}.Debug|Any CPU.ActiveCfg = Debug|Any CPU
		{9D66AA25-B378-49D0-B262-290909220656}.Debug|Any CPU.Build.0 = Debug|Any CPU
		{9D66AA25-B378-49D0-B262-290909220656}.Release|Any CPU.ActiveCfg = Release|Any CPU
		{9D66AA25-B378-49D0-B262-290909220656}.Release|Any CPU.Build.0 = Release|Any CPU
		{E245F8BD-8341-41DD-9D0E-2569208958F8}.Debug|Any CPU.ActiveCfg = Debug|Any CPU
		{E245F8BD-8341-41DD-9D0E-2569208958F8}.Debug|Any CPU.Build.0 = Debug|Any CPU
		{E245F8BD-8341-41DD-9D0E-2569208958F8}.Release|Any CPU.ActiveCfg = Release|Any CPU
		{E245F8BD-8341-41DD-9D0E-2569208958F8}.Release|Any CPU.Build.0 = Release|Any CPU
		{1471FB82-912E-411A-9141-096E0AECAAAE}.Debug|Any CPU.ActiveCfg = Debug|Any CPU
		{1471FB82-912E-411A-9141-096E0AECAAAE}.Debug|Any CPU.Build.0 = Debug|Any CPU
		{1471FB82-912E-411A-9141-096E0AECAAAE}.Release|Any CPU.ActiveCfg = Release|Any CPU
		{1471FB82-912E-411A-9141-096E0AECAAAE}.Release|Any CPU.Build.0 = Release|Any CPU
		{BDEC6D93-F212-456F-BEEE-DE2BADAE2A56}.Debug|Any CPU.ActiveCfg = Debug|Any CPU
		{BDEC6D93-F212-456F-BEEE-DE2BADAE2A56}.Debug|Any CPU.Build.0 = Debug|Any CPU
		{BDEC6D93-F212-456F-BEEE-DE2BADAE2A56}.Release|Any CPU.ActiveCfg = Release|Any CPU
		{BDEC6D93-F212-456F-BEEE-DE2BADAE2A56}.Release|Any CPU.Build.0 = Release|Any CPU
		{844B4566-81A4-4CB2-9761-9B174FB7BCCB}.Debug|Any CPU.ActiveCfg = Debug|Any CPU
		{844B4566-81A4-4CB2-9761-9B174FB7BCCB}.Debug|Any CPU.Build.0 = Debug|Any CPU
		{844B4566-81A4-4CB2-9761-9B174FB7BCCB}.Release|Any CPU.ActiveCfg = Release|Any CPU
		{844B4566-81A4-4CB2-9761-9B174FB7BCCB}.Release|Any CPU.Build.0 = Release|Any CPU
		{6BBE6A10-FCC6-4A7D-9F3D-8D3FA18B2B3F}.Debug|Any CPU.ActiveCfg = Debug|Any CPU
		{6BBE6A10-FCC6-4A7D-9F3D-8D3FA18B2B3F}.Debug|Any CPU.Build.0 = Debug|Any CPU
		{6BBE6A10-FCC6-4A7D-9F3D-8D3FA18B2B3F}.Release|Any CPU.ActiveCfg = Release|Any CPU
		{6BBE6A10-FCC6-4A7D-9F3D-8D3FA18B2B3F}.Release|Any CPU.Build.0 = Release|Any CPU
		{FD64EC49-287A-46D6-66C4-6299FADD4495}.Debug|Any CPU.ActiveCfg = Debug|Any CPU
		{FD64EC49-287A-46D6-66C4-6299FADD4495}.Debug|Any CPU.Build.0 = Debug|Any CPU
		{FD64EC49-287A-46D6-66C4-6299FADD4495}.Release|Any CPU.ActiveCfg = Release|Any CPU
		{FD64EC49-287A-46D6-66C4-6299FADD4495}.Release|Any CPU.Build.0 = Release|Any CPU
		{5217DFDB-8A7D-4663-A6EF-3C3DB53F5E9D}.Debug|Any CPU.ActiveCfg = Debug|Any CPU
		{5217DFDB-8A7D-4663-A6EF-3C3DB53F5E9D}.Debug|Any CPU.Build.0 = Debug|Any CPU
		{5217DFDB-8A7D-4663-A6EF-3C3DB53F5E9D}.Release|Any CPU.ActiveCfg = Release|Any CPU
		{5217DFDB-8A7D-4663-A6EF-3C3DB53F5E9D}.Release|Any CPU.Build.0 = Release|Any CPU
		{9DA84ED3-8A35-43E7-81B0-7522E5DDCBBA}.Debug|Any CPU.ActiveCfg = Debug|Any CPU
		{9DA84ED3-8A35-43E7-81B0-7522E5DDCBBA}.Debug|Any CPU.Build.0 = Debug|Any CPU
		{9DA84ED3-8A35-43E7-81B0-7522E5DDCBBA}.Release|Any CPU.ActiveCfg = Release|Any CPU
		{9DA84ED3-8A35-43E7-81B0-7522E5DDCBBA}.Release|Any CPU.Build.0 = Release|Any CPU
		{0D631287-471F-42A6-F826-AA800CCD7DB5}.Debug|Any CPU.ActiveCfg = Debug|Any CPU
		{0D631287-471F-42A6-F826-AA800CCD7DB5}.Debug|Any CPU.Build.0 = Debug|Any CPU
		{0D631287-471F-42A6-F826-AA800CCD7DB5}.Release|Any CPU.ActiveCfg = Release|Any CPU
		{0D631287-471F-42A6-F826-AA800CCD7DB5}.Release|Any CPU.Build.0 = Release|Any CPU
		{14768237-C925-4153-A76E-99A89B7416EA}.Debug|Any CPU.ActiveCfg = Debug|Any CPU
		{14768237-C925-4153-A76E-99A89B7416EA}.Debug|Any CPU.Build.0 = Debug|Any CPU
		{14768237-C925-4153-A76E-99A89B7416EA}.Release|Any CPU.ActiveCfg = Release|Any CPU
		{14768237-C925-4153-A76E-99A89B7416EA}.Release|Any CPU.Build.0 = Release|Any CPU
		{DEA21798-1F11-4AF5-B0E2-E571FCE41A2B}.Debug|Any CPU.ActiveCfg = Debug|Any CPU
		{DEA21798-1F11-4AF5-B0E2-E571FCE41A2B}.Debug|Any CPU.Build.0 = Debug|Any CPU
		{DEA21798-1F11-4AF5-B0E2-E571FCE41A2B}.Release|Any CPU.ActiveCfg = Release|Any CPU
		{DEA21798-1F11-4AF5-B0E2-E571FCE41A2B}.Release|Any CPU.Build.0 = Release|Any CPU
		{C785F115-8F58-4112-8B10-B3381FC74E73}.Debug|Any CPU.ActiveCfg = Debug|Any CPU
		{C785F115-8F58-4112-8B10-B3381FC74E73}.Debug|Any CPU.Build.0 = Debug|Any CPU
		{C785F115-8F58-4112-8B10-B3381FC74E73}.Release|Any CPU.ActiveCfg = Release|Any CPU
		{C785F115-8F58-4112-8B10-B3381FC74E73}.Release|Any CPU.Build.0 = Release|Any CPU
		{DF5BDE1B-F8B6-26C1-5677-8F39BB3FD4CA}.Debug|Any CPU.ActiveCfg = Debug|Any CPU
		{DF5BDE1B-F8B6-26C1-5677-8F39BB3FD4CA}.Debug|Any CPU.Build.0 = Debug|Any CPU
		{DF5BDE1B-F8B6-26C1-5677-8F39BB3FD4CA}.Release|Any CPU.ActiveCfg = Release|Any CPU
		{DF5BDE1B-F8B6-26C1-5677-8F39BB3FD4CA}.Release|Any CPU.Build.0 = Release|Any CPU
		{E4634523-1C7E-488D-9C54-1CB1823D8138}.Debug|Any CPU.ActiveCfg = Debug|Any CPU
		{E4634523-1C7E-488D-9C54-1CB1823D8138}.Debug|Any CPU.Build.0 = Debug|Any CPU
		{E4634523-1C7E-488D-9C54-1CB1823D8138}.Release|Any CPU.ActiveCfg = Release|Any CPU
		{E4634523-1C7E-488D-9C54-1CB1823D8138}.Release|Any CPU.Build.0 = Release|Any CPU
		{0E987CDD-A150-4815-95DC-238DC7942E32}.Debug|Any CPU.ActiveCfg = Debug|Any CPU
		{0E987CDD-A150-4815-95DC-238DC7942E32}.Debug|Any CPU.Build.0 = Debug|Any CPU
		{0E987CDD-A150-4815-95DC-238DC7942E32}.Release|Any CPU.ActiveCfg = Release|Any CPU
		{0E987CDD-A150-4815-95DC-238DC7942E32}.Release|Any CPU.Build.0 = Release|Any CPU
		{5FD70491-0E5F-9E97-4230-881374468C53}.Debug|Any CPU.ActiveCfg = Debug|Any CPU
		{5FD70491-0E5F-9E97-4230-881374468C53}.Debug|Any CPU.Build.0 = Debug|Any CPU
		{5FD70491-0E5F-9E97-4230-881374468C53}.Release|Any CPU.ActiveCfg = Release|Any CPU
		{5FD70491-0E5F-9E97-4230-881374468C53}.Release|Any CPU.Build.0 = Release|Any CPU
		{D5AD6EF8-68A3-CA10-AA76-227186EFB012}.Debug|Any CPU.ActiveCfg = Debug|Any CPU
		{D5AD6EF8-68A3-CA10-AA76-227186EFB012}.Debug|Any CPU.Build.0 = Debug|Any CPU
		{D5AD6EF8-68A3-CA10-AA76-227186EFB012}.Release|Any CPU.ActiveCfg = Release|Any CPU
		{D5AD6EF8-68A3-CA10-AA76-227186EFB012}.Release|Any CPU.Build.0 = Release|Any CPU
		{ACCB6DE5-121D-B44B-9BFB-FF291B3E0751}.Debug|Any CPU.ActiveCfg = Debug|Any CPU
		{ACCB6DE5-121D-B44B-9BFB-FF291B3E0751}.Debug|Any CPU.Build.0 = Debug|Any CPU
		{ACCB6DE5-121D-B44B-9BFB-FF291B3E0751}.Release|Any CPU.ActiveCfg = Release|Any CPU
		{ACCB6DE5-121D-B44B-9BFB-FF291B3E0751}.Release|Any CPU.Build.0 = Release|Any CPU
		{42D7B8D8-8933-1D1E-ECE1-A6144610F638}.Debug|Any CPU.ActiveCfg = Debug|Any CPU
		{42D7B8D8-8933-1D1E-ECE1-A6144610F638}.Debug|Any CPU.Build.0 = Debug|Any CPU
		{42D7B8D8-8933-1D1E-ECE1-A6144610F638}.Release|Any CPU.ActiveCfg = Release|Any CPU
		{42D7B8D8-8933-1D1E-ECE1-A6144610F638}.Release|Any CPU.Build.0 = Release|Any CPU
		{79507279-5999-54BA-3159-D9CE75EACF54}.Debug|Any CPU.ActiveCfg = Debug|Any CPU
		{79507279-5999-54BA-3159-D9CE75EACF54}.Debug|Any CPU.Build.0 = Debug|Any CPU
		{79507279-5999-54BA-3159-D9CE75EACF54}.Release|Any CPU.ActiveCfg = Release|Any CPU
		{79507279-5999-54BA-3159-D9CE75EACF54}.Release|Any CPU.Build.0 = Release|Any CPU
	EndGlobalSection
	GlobalSection(SolutionProperties) = preSolution
		HideSolutionNode = FALSE
	EndGlobalSection
	GlobalSection(NestedProjects) = preSolution
		{7FECB12C-8182-4F27-9FD0-42E9C0F8699B} = {02EA681E-C7D8-13C7-8484-4AC65E1B71E8}
		{9CFF2863-52C6-4BE5-8605-99E32944CA05} = {02EA681E-C7D8-13C7-8484-4AC65E1B71E8}
		{A27C8140-8A38-4BAB-AC7D-BA2A987FF39B} = {CE943C7E-66DA-4F21-A97D-7897AA426F34}
		{F4DB9118-0BAD-4941-A756-E38CD3300AA2} = {02EA681E-C7D8-13C7-8484-4AC65E1B71E8}
		{38BFFE57-7A3B-49DD-9E55-14EA53BE8A9A} = {02EA681E-C7D8-13C7-8484-4AC65E1B71E8}
		{1D93AF74-6741-44BA-8370-45706F83946F} = {02EA681E-C7D8-13C7-8484-4AC65E1B71E8}
		{4797CE01-7D7F-48A9-9BFE-67E9867F9755} = {02EA681E-C7D8-13C7-8484-4AC65E1B71E8}
		{6AB262EB-D721-46B6-9987-BF93EDA0FA24} = {CE943C7E-66DA-4F21-A97D-7897AA426F34}
		{724898BF-A43E-438A-8AAA-FD8235771CA4} = {02EA681E-C7D8-13C7-8484-4AC65E1B71E8}
		{7BC75B64-47C0-40DE-9EF7-8CD17FB84C28} = {02EA681E-C7D8-13C7-8484-4AC65E1B71E8}
		{D8A83A3A-3A07-4D5C-AE9F-D2A0380BD31A} = {02EA681E-C7D8-13C7-8484-4AC65E1B71E8}
		{2D5F902F-2017-49FB-882B-7E60658B0F86} = {02EA681E-C7D8-13C7-8484-4AC65E1B71E8}
		{575A24B1-9FDD-409F-9929-D7B4763ED489} = {02EA681E-C7D8-13C7-8484-4AC65E1B71E8}
		{886CD405-9A41-4328-9BD5-BAA08983E53A} = {02EA681E-C7D8-13C7-8484-4AC65E1B71E8}
		{D1807EB2-9295-4DF2-A208-835043966AD3} = {02EA681E-C7D8-13C7-8484-4AC65E1B71E8}
		{73452FD0-E16B-49D2-B070-23ECF4930437} = {02EA681E-C7D8-13C7-8484-4AC65E1B71E8}
		{224D7712-F6AA-465A-B68A-EE68A7B88D2E} = {02EA681E-C7D8-13C7-8484-4AC65E1B71E8}
		{CD1B76FE-031D-4448-B53D-2064AFDA7B10} = {02EA681E-C7D8-13C7-8484-4AC65E1B71E8}
		{8A7B879B-1301-4DD6-A4DD-FF5C351AA43D} = {02EA681E-C7D8-13C7-8484-4AC65E1B71E8}
		{29B926F4-0502-4575-819C-BE6C00D61EDE} = {02EA681E-C7D8-13C7-8484-4AC65E1B71E8}
		{191D7131-B9C9-4D2D-B89A-13F0536875E0} = {02EA681E-C7D8-13C7-8484-4AC65E1B71E8}
		{608AB405-01E6-4A8D-9B66-7610CB76DCBA} = {02EA681E-C7D8-13C7-8484-4AC65E1B71E8}
		{AF5B3E21-960D-4AEC-8E58-F211652824A5} = {CE943C7E-66DA-4F21-A97D-7897AA426F34}
		{15F19019-986A-49C3-B7ED-BDFEBD486BA5} = {02EA681E-C7D8-13C7-8484-4AC65E1B71E8}
		{B8B02215-FD3D-43DF-93F6-CB6F52B4C810} = {02EA681E-C7D8-13C7-8484-4AC65E1B71E8}
		{2C1DBA9B-1313-4177-94EF-9A759D74334B} = {02EA681E-C7D8-13C7-8484-4AC65E1B71E8}
		{E493F03D-A78A-4AD9-BC6C-58685EED1457} = {02EA681E-C7D8-13C7-8484-4AC65E1B71E8}
		{85BE7667-C9A2-47D2-A3DB-732D11E2874C} = {02EA681E-C7D8-13C7-8484-4AC65E1B71E8}
		{699AF08A-FA0F-4021-B92C-4F83CF8E5B5F} = {CE943C7E-66DA-4F21-A97D-7897AA426F34}
		{15AD99F5-7B41-4DBF-8C4D-0A69CAB557D9} = {CE943C7E-66DA-4F21-A97D-7897AA426F34}
		{76FE9D01-8916-46B2-84C8-C518DBFC37EA} = {02EA681E-C7D8-13C7-8484-4AC65E1B71E8}
		{2F953679-9F9B-45E0-82BE-087A954AB6E2} = {CE943C7E-66DA-4F21-A97D-7897AA426F34}
		{8DAF068D-9253-4463-8033-9F781DCC52CA} = {02EA681E-C7D8-13C7-8484-4AC65E1B71E8}
		{2FD27F33-1613-4A77-B226-C3657671EE9F} = {CE943C7E-66DA-4F21-A97D-7897AA426F34}
		{1341A9E0-5A89-4B3A-A09E-443FBB935930} = {02EA681E-C7D8-13C7-8484-4AC65E1B71E8}
		{E8C81053-3B97-4862-B7EC-112A0B6CAEDD} = {02EA681E-C7D8-13C7-8484-4AC65E1B71E8}
		{DA956DA1-471F-4B92-A8E0-A10E632A4336} = {02EA681E-C7D8-13C7-8484-4AC65E1B71E8}
		{E5E780D9-FCA3-4BAF-90C8-E1A4CE26E10A} = {02EA681E-C7D8-13C7-8484-4AC65E1B71E8}
		{18C3CDA0-87E5-4E05-91A2-EE95F8B7E7F7} = {02EA681E-C7D8-13C7-8484-4AC65E1B71E8}
		{AA71FF58-CF0D-467F-9FDA-2883DD73DA31} = {CE943C7E-66DA-4F21-A97D-7897AA426F34}
		{1EAB617D-513E-4376-A464-530005F27ECC} = {02EA681E-C7D8-13C7-8484-4AC65E1B71E8}
		{9FB03401-450A-433B-8E3C-F11D8FB39B76} = {02EA681E-C7D8-13C7-8484-4AC65E1B71E8}
		{AEECAA4C-663C-491C-8F93-FB83A8B4E0A2} = {02EA681E-C7D8-13C7-8484-4AC65E1B71E8}
		{E3FCF4CE-AEA3-49BF-ABEB-7D87CC2D6267} = {CE943C7E-66DA-4F21-A97D-7897AA426F34}
		{8C0B0FBF-F375-4175-8EB9-81E1EA0645A6} = {CE943C7E-66DA-4F21-A97D-7897AA426F34}
		{8F19A04A-325F-4EB8-BAA3-423FE39D5C3A} = {CE943C7E-66DA-4F21-A97D-7897AA426F34}
		{F70F144A-C970-4EC4-8D59-3375F788E42A} = {02EA681E-C7D8-13C7-8484-4AC65E1B71E8}
		{6F344FFE-BAED-42FD-91CD-4F524A04EDA3} = {CE943C7E-66DA-4F21-A97D-7897AA426F34}
		{FBEE91E4-0686-4F9E-AC10-2228BD67BB8D} = {CE943C7E-66DA-4F21-A97D-7897AA426F34}
		{8B2F6D70-4F8D-41D1-A902-BF1F080CB13B} = {CE943C7E-66DA-4F21-A97D-7897AA426F34}
		{CDF17221-4D7B-4C4D-A011-6EC00D1F358A} = {02EA681E-C7D8-13C7-8484-4AC65E1B71E8}
		{9DABE2DD-3EB8-430A-BA3A-BBBF18B49208} = {02EA681E-C7D8-13C7-8484-4AC65E1B71E8}
		{DBC408AF-DE28-4B73-AC2E-8E451F2B9EF2} = {CE943C7E-66DA-4F21-A97D-7897AA426F34}
		{F1320357-8306-4633-A651-D8C190AF1189} = {CE943C7E-66DA-4F21-A97D-7897AA426F34}
		{3A6BD0D9-7DB9-49E5-B654-BCDB3C586DBA} = {02EA681E-C7D8-13C7-8484-4AC65E1B71E8}
		{3AC5191B-50A6-464D-B03E-AF2366E9FD00} = {02EA681E-C7D8-13C7-8484-4AC65E1B71E8}
		{2CA5BB18-A78B-43F2-A1EE-EC591DE5AE72} = {02EA681E-C7D8-13C7-8484-4AC65E1B71E8}
		{03014EA4-3DE8-4161-A7DD-86AB96132B4E} = {02EA681E-C7D8-13C7-8484-4AC65E1B71E8}
		{8B907340-5972-462B-898F-CD833242C3AE} = {CE943C7E-66DA-4F21-A97D-7897AA426F34}
		{97CF5D14-9D0A-48C7-B837-6816293E0A4E} = {FD265214-FBC1-4C25-A8F8-0C6827B143C8}
		{98D83FC7-3620-410B-A416-FA6192CE3D15} = {65DFF413-97CB-45FE-9874-93B82E027D1B}
		{E0D05CC9-3E10-4486-B79F-BF9198B2D8BB} = {65DFF413-97CB-45FE-9874-93B82E027D1B}
		{DD4D94A7-9019-4049-8557-8A9EF4B14EB9} = {65DFF413-97CB-45FE-9874-93B82E027D1B}
		{58079FC4-0FDB-4848-9571-F8D380F0D818} = {02EA681E-C7D8-13C7-8484-4AC65E1B71E8}
		{AC5B8BDF-2A76-4540-B0FE-77615AC02CDE} = {FD265214-FBC1-4C25-A8F8-0C6827B143C8}
		{E00FF7F9-E783-41EA-A410-959B27BEA367} = {65DFF413-97CB-45FE-9874-93B82E027D1B}
		{4707F203-FAEA-455A-BD61-8005165380D5} = {FD265214-FBC1-4C25-A8F8-0C6827B143C8}
		{85775595-715C-4D9C-A6B9-5418AD17B449} = {02EA681E-C7D8-13C7-8484-4AC65E1B71E8}
		{1B870309-3EF2-490F-B224-3FA616225CC5} = {FD265214-FBC1-4C25-A8F8-0C6827B143C8}
		{566A2DED-1F0A-4F2B-B22E-497AC9BF3ECB} = {FD265214-FBC1-4C25-A8F8-0C6827B143C8}
		{EABBF29A-4DD9-4618-AF31-41FB705A6828} = {02EA681E-C7D8-13C7-8484-4AC65E1B71E8}
		{80489276-45B5-4FCF-ADDF-980A56D4D2E9} = {BFCF5E5D-1964-434B-BB7E-97F24C884FBC}
		{6D083FB0-E703-4A72-BFCE-F1C43B627E4D} = {80489276-45B5-4FCF-ADDF-980A56D4D2E9}
		{9D66AA25-B378-49D0-B262-290909220656} = {80489276-45B5-4FCF-ADDF-980A56D4D2E9}
		{E245F8BD-8341-41DD-9D0E-2569208958F8} = {80489276-45B5-4FCF-ADDF-980A56D4D2E9}
		{1471FB82-912E-411A-9141-096E0AECAAAE} = {4E1A12BB-5348-4DA4-B05F-F831DC16F7DE}
		{BDEC6D93-F212-456F-BEEE-DE2BADAE2A56} = {CE943C7E-66DA-4F21-A97D-7897AA426F34}
		{844B4566-81A4-4CB2-9761-9B174FB7BCCB} = {02EA681E-C7D8-13C7-8484-4AC65E1B71E8}
		{6BBE6A10-FCC6-4A7D-9F3D-8D3FA18B2B3F} = {02EA681E-C7D8-13C7-8484-4AC65E1B71E8}
		{FD64EC49-287A-46D6-66C4-6299FADD4495} = {02EA681E-C7D8-13C7-8484-4AC65E1B71E8}
		{5217DFDB-8A7D-4663-A6EF-3C3DB53F5E9D} = {CE943C7E-66DA-4F21-A97D-7897AA426F34}
		{9DA84ED3-8A35-43E7-81B0-7522E5DDCBBA} = {02EA681E-C7D8-13C7-8484-4AC65E1B71E8}
		{0D631287-471F-42A6-F826-AA800CCD7DB5} = {02EA681E-C7D8-13C7-8484-4AC65E1B71E8}
		{14768237-C925-4153-A76E-99A89B7416EA} = {02EA681E-C7D8-13C7-8484-4AC65E1B71E8}
		{DEA21798-1F11-4AF5-B0E2-E571FCE41A2B} = {02EA681E-C7D8-13C7-8484-4AC65E1B71E8}
		{C785F115-8F58-4112-8B10-B3381FC74E73} = {02EA681E-C7D8-13C7-8484-4AC65E1B71E8}
		{DF5BDE1B-F8B6-26C1-5677-8F39BB3FD4CA} = {CE943C7E-66DA-4F21-A97D-7897AA426F34}
		{E4634523-1C7E-488D-9C54-1CB1823D8138} = {02EA681E-C7D8-13C7-8484-4AC65E1B71E8}
		{0E987CDD-A150-4815-95DC-238DC7942E32} = {CE943C7E-66DA-4F21-A97D-7897AA426F34}
		{5FD70491-0E5F-9E97-4230-881374468C53} = {02EA681E-C7D8-13C7-8484-4AC65E1B71E8}
		{D5AD6EF8-68A3-CA10-AA76-227186EFB012} = {02EA681E-C7D8-13C7-8484-4AC65E1B71E8}
		{ACCB6DE5-121D-B44B-9BFB-FF291B3E0751} = {02EA681E-C7D8-13C7-8484-4AC65E1B71E8}
		{42D7B8D8-8933-1D1E-ECE1-A6144610F638} = {02EA681E-C7D8-13C7-8484-4AC65E1B71E8}
		{79507279-5999-54BA-3159-D9CE75EACF54} = {02EA681E-C7D8-13C7-8484-4AC65E1B71E8}
	EndGlobalSection
	GlobalSection(ExtensibilityGlobals) = postSolution
		SolutionGuid = {331ADDC7-02A4-4F0E-8C47-2060003082F2}
	EndGlobalSection
EndGlobal
