
Microsoft Visual Studio Solution File, Format Version 12.00
# Visual Studio Version 17
VisualStudioVersion = 17.7.34221.43
MinimumVisualStudioVersion = 10.0.40219.1
Project("{9A19103F-16F7-4668-BE54-9A1E7A4F7556}") = "OpenSmc.Messaging.Contract", "src\OpenSmc.Messaging.Contract\OpenSmc.Messaging.Contract.csproj", "{7FECB12C-8182-4F27-9FD0-42E9C0F8699B}"
EndProject
Project("{9A19103F-16F7-4668-BE54-9A1E7A4F7556}") = "OpenSmc.Messaging.Hub", "src\OpenSmc.Messaging.Hub\OpenSmc.Messaging.Hub.csproj", "{9CFF2863-52C6-4BE5-8605-99E32944CA05}"
EndProject
Project("{2150E333-8FDC-42A3-9474-1A3956D46DE8}") = "test", "test", "{CE943C7E-66DA-4F21-A97D-7897AA426F34}"
	ProjectSection(SolutionItems) = preProject
		test\Directory.Build.props = test\Directory.Build.props
		test\Directory.Packages.props = test\Directory.Packages.props
	EndProjectSection
EndProject
Project("{9A19103F-16F7-4668-BE54-9A1E7A4F7556}") = "OpenSmc.Messaging.Hub.Test", "test\OpenSmc.Messaging.Hub.Test\OpenSmc.Messaging.Hub.Test.csproj", "{A27C8140-8A38-4BAB-AC7D-BA2A987FF39B}"
EndProject
Project("{9A19103F-16F7-4668-BE54-9A1E7A4F7556}") = "OpenSmc.Application.Contract", "src\OpenSmc.Application.Contract\OpenSmc.Application.Contract.csproj", "{F4DB9118-0BAD-4941-A756-E38CD3300AA2}"
EndProject
Project("{9A19103F-16F7-4668-BE54-9A1E7A4F7556}") = "OpenSmc.Portal.Contract", "src\OpenSmc.Portal.Contract\OpenSmc.Portal.Contract.csproj", "{B7470432-1E38-42C8-877C-4FADA2CA16F2}"
EndProject
Project("{2150E333-8FDC-42A3-9474-1A3956D46DE8}") = "Solution Items", "Solution Items", "{0E47DEC0-ECB0-43FC-B8DA-C5CD4CBAA8B1}"
	ProjectSection(SolutionItems) = preProject
		Directory.Build.props = Directory.Build.props
		Directory.Packages.props = Directory.Packages.props
	EndProjectSection
EndProject
Project("{9A19103F-16F7-4668-BE54-9A1E7A4F7556}") = "OpenSmc.Layout", "src\OpenSmc.Layout\OpenSmc.Layout.csproj", "{38BFFE57-7A3B-49DD-9E55-14EA53BE8A9A}"
EndProject
Project("{9A19103F-16F7-4668-BE54-9A1E7A4F7556}") = "OpenSmc.ShortGuid", "src\OpenSmc.ShortGuid\OpenSmc.ShortGuid.csproj", "{1D93AF74-6741-44BA-8370-45706F83946F}"
EndProject
Project("{9A19103F-16F7-4668-BE54-9A1E7A4F7556}") = "OpenSmc.Reflection", "src\OpenSmc.Reflection\OpenSmc.Reflection.csproj", "{4797CE01-7D7F-48A9-9BFE-67E9867F9755}"
EndProject
Project("{9A19103F-16F7-4668-BE54-9A1E7A4F7556}") = "OpenSmc.Serialization.Abstractions", "src\OpenSmc.Serialization.Abstractions\OpenSmc.Serialization.Abstractions.csproj", "{BA802439-A5D0-4A95-A238-D1F75DA9BF78}"
EndProject
Project("{9A19103F-16F7-4668-BE54-9A1E7A4F7556}") = "OpenSmc.Serialization.Test", "test\OpenSmc.Serialization.Test\OpenSmc.Serialization.Test.csproj", "{6AB262EB-D721-46B6-9987-BF93EDA0FA24}"
EndProject
Project("{9A19103F-16F7-4668-BE54-9A1E7A4F7556}") = "OpenSmc.Disposables", "src\OpenSmc.Disposables\OpenSmc.Disposables.csproj", "{724898BF-A43E-438A-8AAA-FD8235771CA4}"
EndProject
Project("{9A19103F-16F7-4668-BE54-9A1E7A4F7556}") = "OpenSmc.Activities.Contract", "src\OpenSmc.Activities.Contract\OpenSmc.Activities.Contract.csproj", "{7BC75B64-47C0-40DE-9EF7-8CD17FB84C28}"
EndProject
Project("{9A19103F-16F7-4668-BE54-9A1E7A4F7556}") = "OpenSmc.ServiceProvider", "src\OpenSmc.ServiceProvider\OpenSmc.ServiceProvider.csproj", "{D8A83A3A-3A07-4D5C-AE9F-D2A0380BD31A}"
EndProject
Project("{9A19103F-16F7-4668-BE54-9A1E7A4F7556}") = "OpenSmc.Fixture", "test\OpenSmc.Fixture\OpenSmc.Fixture.csproj", "{32572EC3-8AA2-4474-86DC-7B6E2595533F}"
EndProject
Project("{9A19103F-16F7-4668-BE54-9A1E7A4F7556}") = "OpenSmc.Pivot", "src\OpenSmc.Pivot\OpenSmc.Pivot.csproj", "{2D5F902F-2017-49FB-882B-7E60658B0F86}"
EndProject
Project("{9A19103F-16F7-4668-BE54-9A1E7A4F7556}") = "OpenSmc.Arithmetics", "src\OpenSmc.Arithmetics\OpenSmc.Arithmetics.csproj", "{575A24B1-9FDD-409F-9929-D7B4763ED489}"
EndProject
Project("{9A19103F-16F7-4668-BE54-9A1E7A4F7556}") = "OpenSmc.Arithmetics.Abstractions", "src\OpenSmc.Arithmetics.Abstractions\OpenSmc.Arithmetics.Abstractions.csproj", "{886CD405-9A41-4328-9BD5-BAA08983E53A}"
EndProject
Project("{9A19103F-16F7-4668-BE54-9A1E7A4F7556}") = "OpenSmc.Domain.Abstractions", "src\OpenSmc.Domain.Abstractions\OpenSmc.Domain.Abstractions.csproj", "{D1807EB2-9295-4DF2-A208-835043966AD3}"
EndProject
Project("{9A19103F-16F7-4668-BE54-9A1E7A4F7556}") = "OpenSmc.DataCubes.Abstractions", "src\OpenSmc.DataCubes.Abstractions\OpenSmc.DataCubes.Abstractions.csproj", "{73452FD0-E16B-49D2-B070-23ECF4930437}"
EndProject
Project("{9A19103F-16F7-4668-BE54-9A1E7A4F7556}") = "OpenSmc.Collections", "src\OpenSmc.Collections\OpenSmc.Collections.csproj", "{224D7712-F6AA-465A-B68A-EE68A7B88D2E}"
EndProject
Project("{9A19103F-16F7-4668-BE54-9A1E7A4F7556}") = "OpenSmc.Application.Scope.Contract", "src\OpenSmc.Application.Scope.Contract\OpenSmc.Application.Scope.Contract.csproj", "{13B467C4-375D-4002-A683-58DE071F8668}"
EndProject
Project("{9A19103F-16F7-4668-BE54-9A1E7A4F7556}") = "OpenSmc.Conventions", "src\OpenSmc.Conventions\OpenSmc.Conventions.csproj", "{47802412-323F-46EE-ACE5-0059DA900A59}"
EndProject
Project("{9A19103F-16F7-4668-BE54-9A1E7A4F7556}") = "OpenSmc.Application.Scope", "src\OpenSmc.Application.Scope\OpenSmc.Application.Scope.csproj", "{0767636F-41AB-4569-AA05-77BDB6318FDF}"
EndProject
Project("{9A19103F-16F7-4668-BE54-9A1E7A4F7556}") = "OpenSmc.Equality", "src\OpenSmc.Equality\OpenSmc.Equality.csproj", "{CD1B76FE-031D-4448-B53D-2064AFDA7B10}"
EndProject
Project("{9A19103F-16F7-4668-BE54-9A1E7A4F7556}") = "OpenSmc.Scopes", "src\OpenSmc.Scopes\OpenSmc.Scopes.csproj", "{EDDAB77B-7095-42E6-88BC-C33CB005FE40}"
EndProject
Project("{9A19103F-16F7-4668-BE54-9A1E7A4F7556}") = "OpenSmc.DataSource.Abstractions", "src\OpenSmc.DataSource.Abstractions\OpenSmc.DataSource.Abstractions.csproj", "{6C596565-8B5B-495D-BD0B-1244767BFFFE}"
EndProject
Project("{9A19103F-16F7-4668-BE54-9A1E7A4F7556}") = "OpenSmc.Hierarchies", "src\OpenSmc.Hierarchies\OpenSmc.Hierarchies.csproj", "{8A7B879B-1301-4DD6-A4DD-FF5C351AA43D}"
EndProject
Project("{9A19103F-16F7-4668-BE54-9A1E7A4F7556}") = "OpenSmc.Utils", "src\OpenSmc.Utils\OpenSmc.Utils.csproj", "{29B926F4-0502-4575-819C-BE6C00D61EDE}"
EndProject
Project("{9A19103F-16F7-4668-BE54-9A1E7A4F7556}") = "OpenSmc.Queues.Contract", "src\OpenSmc.Queues.Contract\OpenSmc.Queues.Contract.csproj", "{61CF8CC0-2F2D-4E7F-A410-23BD866ECE7E}"
EndProject
Project("{9A19103F-16F7-4668-BE54-9A1E7A4F7556}") = "OpenSmc.Hub.Fixture", "test\OpenSmc.Hub.Fixture\OpenSmc.Hub.Fixture.csproj", "{8440C781-A719-4B28-8CD0-9FEB606C2A0B}"
EndProject
Project("{9A19103F-16F7-4668-BE54-9A1E7A4F7556}") = "OpenSmc.Application.Styles", "src\OpenSmc.Application.Styles\OpenSmc.Application.Styles.csproj", "{191D7131-B9C9-4D2D-B89A-13F0536875E0}"
EndProject
Project("{9A19103F-16F7-4668-BE54-9A1E7A4F7556}") = "OpenSmc.DotNet.Kernel", "src\OpenSmc.DotNet.Kernel\OpenSmc.DotNet.Kernel.csproj", "{608AB405-01E6-4A8D-9B66-7610CB76DCBA}"
EndProject
Project("{9A19103F-16F7-4668-BE54-9A1E7A4F7556}") = "OpenSmc.Layout.Test", "test\OpenSmc.Layout.Test\OpenSmc.Layout.Test.csproj", "{AF5B3E21-960D-4AEC-8E58-F211652824A5}"
EndProject
Project("{9A19103F-16F7-4668-BE54-9A1E7A4F7556}") = "OpenSmc.FileStorage.Abstractions", "src\OpenSmc.FileStorage.Abstractions\OpenSmc.FileStorage.Abstractions.csproj", "{B2968FB5-9B9C-480F-8968-17100023277B}"
EndProject
Project("{9A19103F-16F7-4668-BE54-9A1E7A4F7556}") = "OpenSmc.DataSetReader.Abstractions", "src\OpenSmc.DataSetReader.Abstractions\OpenSmc.DataSetReader.Abstractions.csproj", "{FF2A2E26-5552-476A-80E9-660D98F7D2CC}"
EndProject
Project("{9A19103F-16F7-4668-BE54-9A1E7A4F7556}") = "OpenSmc.DataStructures", "src\OpenSmc.DataStructures\OpenSmc.DataStructures.csproj", "{15F19019-986A-49C3-B7ED-BDFEBD486BA5}"
EndProject
Project("{9A19103F-16F7-4668-BE54-9A1E7A4F7556}") = "OpenSmc.DataSetReader.Excel", "src\OpenSmc.DataSetReader.Excel\OpenSmc.DataSetReader.Excel.csproj", "{B8B02215-FD3D-43DF-93F6-CB6F52B4C810}"
EndProject
Project("{9A19103F-16F7-4668-BE54-9A1E7A4F7556}") = "OpenSmc.DataSetReader.Excel.BinaryFormat", "src\OpenSmc.DataSetReader.Excel.BinaryFormat\OpenSmc.DataSetReader.Excel.BinaryFormat.csproj", "{2C1DBA9B-1313-4177-94EF-9A759D74334B}"
EndProject
Project("{9A19103F-16F7-4668-BE54-9A1E7A4F7556}") = "OpenSmc.DataSetReader.Excel.OpenXmlFormat", "src\OpenSmc.DataSetReader.Excel.OpenXmlFormat\OpenSmc.DataSetReader.Excel.OpenXmlFormat.csproj", "{E493F03D-A78A-4AD9-BC6C-58685EED1457}"
EndProject
Project("{9A19103F-16F7-4668-BE54-9A1E7A4F7556}") = "OpenSmc.DataSetReader.Excel.Utils", "src\OpenSmc.DataSetReader.Excel.Utils\OpenSmc.DataSetReader.Excel.Utils.csproj", "{85BE7667-C9A2-47D2-A3DB-732D11E2874C}"
EndProject
Project("{9A19103F-16F7-4668-BE54-9A1E7A4F7556}") = "OpenSmc.Pivot.Test", "test\OpenSmc.Pivot.Test\OpenSmc.Pivot.Test.csproj", "{699AF08A-FA0F-4021-B92C-4F83CF8E5B5F}"
EndProject
Project("{9A19103F-16F7-4668-BE54-9A1E7A4F7556}") = "OpenSmc.Json.Assertions", "test\OpenSmc.Json.Assertions\OpenSmc.Json.Assertions.csproj", "{15AD99F5-7B41-4DBF-8C4D-0A69CAB557D9}"
EndProject
Project("{9A19103F-16F7-4668-BE54-9A1E7A4F7556}") = "OpenSmc.DataSetReader.Csv", "src\OpenSmc.DataSetReader.Csv\OpenSmc.DataSetReader.Csv.csproj", "{76FE9D01-8916-46B2-84C8-C518DBFC37EA}"
EndProject
Project("{9A19103F-16F7-4668-BE54-9A1E7A4F7556}") = "OpenSmc.TestDomain", "test\OpenSmc.TestDomain\OpenSmc.TestDomain.csproj", "{2F953679-9F9B-45E0-82BE-087A954AB6E2}"
EndProject
Project("{9A19103F-16F7-4668-BE54-9A1E7A4F7556}") = "OpenSmc.DataSetReader", "src\OpenSmc.DataSetReader\OpenSmc.DataSetReader.csproj", "{8DAF068D-9253-4463-8033-9F781DCC52CA}"
EndProject
Project("{9A19103F-16F7-4668-BE54-9A1E7A4F7556}") = "OpenSmc.Json.Assertions.Test", "test\OpenSmc.Json.Assertions.Test\OpenSmc.Json.Assertions.Test.csproj", "{2FD27F33-1613-4A77-B226-C3657671EE9F}"
EndProject
Project("{9A19103F-16F7-4668-BE54-9A1E7A4F7556}") = "OpenSmc.DataCubes", "src\OpenSmc.DataCubes\OpenSmc.DataCubes.csproj", "{1341A9E0-5A89-4B3A-A09E-443FBB935930}"
EndProject
Project("{9A19103F-16F7-4668-BE54-9A1E7A4F7556}") = "OpenSmc.GridModel", "src\OpenSmc.GridModel\OpenSmc.GridModel.csproj", "{E8C81053-3B97-4862-B7EC-112A0B6CAEDD}"
EndProject
Project("{9A19103F-16F7-4668-BE54-9A1E7A4F7556}") = "OpenSmc.Scopes.DataCubes", "src\OpenSmc.Scopes.DataCubes\OpenSmc.Scopes.DataCubes.csproj", "{127C5840-E91E-4073-A406-F17F99CFC046}"
EndProject
Project("{9A19103F-16F7-4668-BE54-9A1E7A4F7556}") = "OpenSmc.Project.Contract", "src\OpenSmc.Project.Contract\OpenSmc.Project.Contract.csproj", "{14F37AC8-41AC-4F42-8A64-B673FB48D104}"
EndProject
Project("{9A19103F-16F7-4668-BE54-9A1E7A4F7556}") = "OpenSmc.Activities", "src\OpenSmc.Activities\OpenSmc.Activities.csproj", "{DA956DA1-471F-4B92-A8E0-A10E632A4336}"
EndProject
Project("{9A19103F-16F7-4668-BE54-9A1E7A4F7556}") = "OpenSmc.Reporting", "src\OpenSmc.Reporting\OpenSmc.Reporting.csproj", "{E5E780D9-FCA3-4BAF-90C8-E1A4CE26E10A}"
EndProject
Project("{9A19103F-16F7-4668-BE54-9A1E7A4F7556}") = "OpenSmc.Data", "src\OpenSmc.Data\OpenSmc.Data.csproj", "{18C3CDA0-87E5-4E05-91A2-EE95F8B7E7F7}"
EndProject
Project("{9A19103F-16F7-4668-BE54-9A1E7A4F7556}") = "OpenSmc.Hub.Data.Test", "test\OpenSmc.Hub.Data.Test\OpenSmc.Hub.Data.Test.csproj", "{AA71FF58-CF0D-467F-9FDA-2883DD73DA31}"
EndProject
Project("{9A19103F-16F7-4668-BE54-9A1E7A4F7556}") = "OpenSmc.Data.Contract", "src\OpenSmc.Data.Contract\OpenSmc.Data.Contract.csproj", "{1EAB617D-513E-4376-A464-530005F27ECC}"
EndProject
Project("{FAE04EC0-301F-11D3-BF4B-00C04F79EFBC}") = "OpenSmc.DataSource.EntityFramework", "src\OpenSmc.DataSource.EntityFramework\OpenSmc.DataSource.EntityFramework.csproj", "{9FB03401-450A-433B-8E3C-F11D8FB39B76}"
EndProject
Project("{9A19103F-16F7-4668-BE54-9A1E7A4F7556}") = "OpenSmc.Import.Contract", "src\OpenSmc.Import.Contract\OpenSmc.Import.Contract.csproj", "{AEECAA4C-663C-491C-8F93-FB83A8B4E0A2}"
EndProject
Global
	GlobalSection(SolutionConfigurationPlatforms) = preSolution
		Debug|Any CPU = Debug|Any CPU
		Release|Any CPU = Release|Any CPU
	EndGlobalSection
	GlobalSection(ProjectConfigurationPlatforms) = postSolution
		{7FECB12C-8182-4F27-9FD0-42E9C0F8699B}.Debug|Any CPU.ActiveCfg = Debug|Any CPU
		{7FECB12C-8182-4F27-9FD0-42E9C0F8699B}.Debug|Any CPU.Build.0 = Debug|Any CPU
		{7FECB12C-8182-4F27-9FD0-42E9C0F8699B}.Release|Any CPU.ActiveCfg = Release|Any CPU
		{7FECB12C-8182-4F27-9FD0-42E9C0F8699B}.Release|Any CPU.Build.0 = Release|Any CPU
		{9CFF2863-52C6-4BE5-8605-99E32944CA05}.Debug|Any CPU.ActiveCfg = Debug|Any CPU
		{9CFF2863-52C6-4BE5-8605-99E32944CA05}.Debug|Any CPU.Build.0 = Debug|Any CPU
		{9CFF2863-52C6-4BE5-8605-99E32944CA05}.Release|Any CPU.ActiveCfg = Release|Any CPU
		{9CFF2863-52C6-4BE5-8605-99E32944CA05}.Release|Any CPU.Build.0 = Release|Any CPU
		{A27C8140-8A38-4BAB-AC7D-BA2A987FF39B}.Debug|Any CPU.ActiveCfg = Debug|Any CPU
		{A27C8140-8A38-4BAB-AC7D-BA2A987FF39B}.Debug|Any CPU.Build.0 = Debug|Any CPU
		{A27C8140-8A38-4BAB-AC7D-BA2A987FF39B}.Release|Any CPU.ActiveCfg = Release|Any CPU
		{A27C8140-8A38-4BAB-AC7D-BA2A987FF39B}.Release|Any CPU.Build.0 = Release|Any CPU
		{F4DB9118-0BAD-4941-A756-E38CD3300AA2}.Debug|Any CPU.ActiveCfg = Debug|Any CPU
		{F4DB9118-0BAD-4941-A756-E38CD3300AA2}.Debug|Any CPU.Build.0 = Debug|Any CPU
		{F4DB9118-0BAD-4941-A756-E38CD3300AA2}.Release|Any CPU.ActiveCfg = Release|Any CPU
		{F4DB9118-0BAD-4941-A756-E38CD3300AA2}.Release|Any CPU.Build.0 = Release|Any CPU
		{B7470432-1E38-42C8-877C-4FADA2CA16F2}.Debug|Any CPU.ActiveCfg = Debug|Any CPU
		{B7470432-1E38-42C8-877C-4FADA2CA16F2}.Debug|Any CPU.Build.0 = Debug|Any CPU
		{B7470432-1E38-42C8-877C-4FADA2CA16F2}.Release|Any CPU.ActiveCfg = Release|Any CPU
		{B7470432-1E38-42C8-877C-4FADA2CA16F2}.Release|Any CPU.Build.0 = Release|Any CPU
		{38BFFE57-7A3B-49DD-9E55-14EA53BE8A9A}.Debug|Any CPU.ActiveCfg = Debug|Any CPU
		{38BFFE57-7A3B-49DD-9E55-14EA53BE8A9A}.Debug|Any CPU.Build.0 = Debug|Any CPU
		{38BFFE57-7A3B-49DD-9E55-14EA53BE8A9A}.Release|Any CPU.ActiveCfg = Release|Any CPU
		{38BFFE57-7A3B-49DD-9E55-14EA53BE8A9A}.Release|Any CPU.Build.0 = Release|Any CPU
		{1D93AF74-6741-44BA-8370-45706F83946F}.Debug|Any CPU.ActiveCfg = Debug|Any CPU
		{1D93AF74-6741-44BA-8370-45706F83946F}.Debug|Any CPU.Build.0 = Debug|Any CPU
		{1D93AF74-6741-44BA-8370-45706F83946F}.Release|Any CPU.ActiveCfg = Release|Any CPU
		{1D93AF74-6741-44BA-8370-45706F83946F}.Release|Any CPU.Build.0 = Release|Any CPU
		{4797CE01-7D7F-48A9-9BFE-67E9867F9755}.Debug|Any CPU.ActiveCfg = Debug|Any CPU
		{4797CE01-7D7F-48A9-9BFE-67E9867F9755}.Debug|Any CPU.Build.0 = Debug|Any CPU
		{4797CE01-7D7F-48A9-9BFE-67E9867F9755}.Release|Any CPU.ActiveCfg = Release|Any CPU
		{4797CE01-7D7F-48A9-9BFE-67E9867F9755}.Release|Any CPU.Build.0 = Release|Any CPU
		{BA802439-A5D0-4A95-A238-D1F75DA9BF78}.Debug|Any CPU.ActiveCfg = Debug|Any CPU
		{BA802439-A5D0-4A95-A238-D1F75DA9BF78}.Debug|Any CPU.Build.0 = Debug|Any CPU
		{BA802439-A5D0-4A95-A238-D1F75DA9BF78}.Release|Any CPU.ActiveCfg = Release|Any CPU
		{BA802439-A5D0-4A95-A238-D1F75DA9BF78}.Release|Any CPU.Build.0 = Release|Any CPU
		{6AB262EB-D721-46B6-9987-BF93EDA0FA24}.Debug|Any CPU.ActiveCfg = Debug|Any CPU
		{6AB262EB-D721-46B6-9987-BF93EDA0FA24}.Debug|Any CPU.Build.0 = Debug|Any CPU
		{6AB262EB-D721-46B6-9987-BF93EDA0FA24}.Release|Any CPU.ActiveCfg = Release|Any CPU
		{6AB262EB-D721-46B6-9987-BF93EDA0FA24}.Release|Any CPU.Build.0 = Release|Any CPU
		{724898BF-A43E-438A-8AAA-FD8235771CA4}.Debug|Any CPU.ActiveCfg = Debug|Any CPU
		{724898BF-A43E-438A-8AAA-FD8235771CA4}.Debug|Any CPU.Build.0 = Debug|Any CPU
		{724898BF-A43E-438A-8AAA-FD8235771CA4}.Release|Any CPU.ActiveCfg = Release|Any CPU
		{724898BF-A43E-438A-8AAA-FD8235771CA4}.Release|Any CPU.Build.0 = Release|Any CPU
		{7BC75B64-47C0-40DE-9EF7-8CD17FB84C28}.Debug|Any CPU.ActiveCfg = Debug|Any CPU
		{7BC75B64-47C0-40DE-9EF7-8CD17FB84C28}.Debug|Any CPU.Build.0 = Debug|Any CPU
		{7BC75B64-47C0-40DE-9EF7-8CD17FB84C28}.Release|Any CPU.ActiveCfg = Release|Any CPU
		{7BC75B64-47C0-40DE-9EF7-8CD17FB84C28}.Release|Any CPU.Build.0 = Release|Any CPU
		{D8A83A3A-3A07-4D5C-AE9F-D2A0380BD31A}.Debug|Any CPU.ActiveCfg = Debug|Any CPU
		{D8A83A3A-3A07-4D5C-AE9F-D2A0380BD31A}.Debug|Any CPU.Build.0 = Debug|Any CPU
		{D8A83A3A-3A07-4D5C-AE9F-D2A0380BD31A}.Release|Any CPU.ActiveCfg = Release|Any CPU
		{D8A83A3A-3A07-4D5C-AE9F-D2A0380BD31A}.Release|Any CPU.Build.0 = Release|Any CPU
		{32572EC3-8AA2-4474-86DC-7B6E2595533F}.Debug|Any CPU.ActiveCfg = Debug|Any CPU
		{32572EC3-8AA2-4474-86DC-7B6E2595533F}.Debug|Any CPU.Build.0 = Debug|Any CPU
		{32572EC3-8AA2-4474-86DC-7B6E2595533F}.Release|Any CPU.ActiveCfg = Release|Any CPU
		{32572EC3-8AA2-4474-86DC-7B6E2595533F}.Release|Any CPU.Build.0 = Release|Any CPU
		{2D5F902F-2017-49FB-882B-7E60658B0F86}.Debug|Any CPU.ActiveCfg = Debug|Any CPU
		{2D5F902F-2017-49FB-882B-7E60658B0F86}.Debug|Any CPU.Build.0 = Debug|Any CPU
		{2D5F902F-2017-49FB-882B-7E60658B0F86}.Release|Any CPU.ActiveCfg = Release|Any CPU
		{2D5F902F-2017-49FB-882B-7E60658B0F86}.Release|Any CPU.Build.0 = Release|Any CPU
		{575A24B1-9FDD-409F-9929-D7B4763ED489}.Debug|Any CPU.ActiveCfg = Debug|Any CPU
		{575A24B1-9FDD-409F-9929-D7B4763ED489}.Debug|Any CPU.Build.0 = Debug|Any CPU
		{575A24B1-9FDD-409F-9929-D7B4763ED489}.Release|Any CPU.ActiveCfg = Release|Any CPU
		{575A24B1-9FDD-409F-9929-D7B4763ED489}.Release|Any CPU.Build.0 = Release|Any CPU
		{886CD405-9A41-4328-9BD5-BAA08983E53A}.Debug|Any CPU.ActiveCfg = Debug|Any CPU
		{886CD405-9A41-4328-9BD5-BAA08983E53A}.Debug|Any CPU.Build.0 = Debug|Any CPU
		{886CD405-9A41-4328-9BD5-BAA08983E53A}.Release|Any CPU.ActiveCfg = Release|Any CPU
		{886CD405-9A41-4328-9BD5-BAA08983E53A}.Release|Any CPU.Build.0 = Release|Any CPU
		{D1807EB2-9295-4DF2-A208-835043966AD3}.Debug|Any CPU.ActiveCfg = Debug|Any CPU
		{D1807EB2-9295-4DF2-A208-835043966AD3}.Debug|Any CPU.Build.0 = Debug|Any CPU
		{D1807EB2-9295-4DF2-A208-835043966AD3}.Release|Any CPU.ActiveCfg = Release|Any CPU
		{D1807EB2-9295-4DF2-A208-835043966AD3}.Release|Any CPU.Build.0 = Release|Any CPU
		{73452FD0-E16B-49D2-B070-23ECF4930437}.Debug|Any CPU.ActiveCfg = Debug|Any CPU
		{73452FD0-E16B-49D2-B070-23ECF4930437}.Debug|Any CPU.Build.0 = Debug|Any CPU
		{73452FD0-E16B-49D2-B070-23ECF4930437}.Release|Any CPU.ActiveCfg = Release|Any CPU
		{73452FD0-E16B-49D2-B070-23ECF4930437}.Release|Any CPU.Build.0 = Release|Any CPU
		{224D7712-F6AA-465A-B68A-EE68A7B88D2E}.Debug|Any CPU.ActiveCfg = Debug|Any CPU
		{224D7712-F6AA-465A-B68A-EE68A7B88D2E}.Debug|Any CPU.Build.0 = Debug|Any CPU
		{224D7712-F6AA-465A-B68A-EE68A7B88D2E}.Release|Any CPU.ActiveCfg = Release|Any CPU
		{224D7712-F6AA-465A-B68A-EE68A7B88D2E}.Release|Any CPU.Build.0 = Release|Any CPU
		{13B467C4-375D-4002-A683-58DE071F8668}.Debug|Any CPU.ActiveCfg = Debug|Any CPU
		{13B467C4-375D-4002-A683-58DE071F8668}.Debug|Any CPU.Build.0 = Debug|Any CPU
		{13B467C4-375D-4002-A683-58DE071F8668}.Release|Any CPU.ActiveCfg = Release|Any CPU
		{13B467C4-375D-4002-A683-58DE071F8668}.Release|Any CPU.Build.0 = Release|Any CPU
		{47802412-323F-46EE-ACE5-0059DA900A59}.Debug|Any CPU.ActiveCfg = Debug|Any CPU
		{47802412-323F-46EE-ACE5-0059DA900A59}.Debug|Any CPU.Build.0 = Debug|Any CPU
		{47802412-323F-46EE-ACE5-0059DA900A59}.Release|Any CPU.ActiveCfg = Release|Any CPU
		{47802412-323F-46EE-ACE5-0059DA900A59}.Release|Any CPU.Build.0 = Release|Any CPU
		{0767636F-41AB-4569-AA05-77BDB6318FDF}.Debug|Any CPU.ActiveCfg = Debug|Any CPU
		{0767636F-41AB-4569-AA05-77BDB6318FDF}.Debug|Any CPU.Build.0 = Debug|Any CPU
		{0767636F-41AB-4569-AA05-77BDB6318FDF}.Release|Any CPU.ActiveCfg = Release|Any CPU
		{0767636F-41AB-4569-AA05-77BDB6318FDF}.Release|Any CPU.Build.0 = Release|Any CPU
		{CD1B76FE-031D-4448-B53D-2064AFDA7B10}.Debug|Any CPU.ActiveCfg = Debug|Any CPU
		{CD1B76FE-031D-4448-B53D-2064AFDA7B10}.Debug|Any CPU.Build.0 = Debug|Any CPU
		{CD1B76FE-031D-4448-B53D-2064AFDA7B10}.Release|Any CPU.ActiveCfg = Release|Any CPU
		{CD1B76FE-031D-4448-B53D-2064AFDA7B10}.Release|Any CPU.Build.0 = Release|Any CPU
		{EDDAB77B-7095-42E6-88BC-C33CB005FE40}.Debug|Any CPU.ActiveCfg = Debug|Any CPU
		{EDDAB77B-7095-42E6-88BC-C33CB005FE40}.Debug|Any CPU.Build.0 = Debug|Any CPU
		{EDDAB77B-7095-42E6-88BC-C33CB005FE40}.Release|Any CPU.ActiveCfg = Release|Any CPU
		{EDDAB77B-7095-42E6-88BC-C33CB005FE40}.Release|Any CPU.Build.0 = Release|Any CPU
		{6C596565-8B5B-495D-BD0B-1244767BFFFE}.Debug|Any CPU.ActiveCfg = Debug|Any CPU
		{6C596565-8B5B-495D-BD0B-1244767BFFFE}.Debug|Any CPU.Build.0 = Debug|Any CPU
		{6C596565-8B5B-495D-BD0B-1244767BFFFE}.Release|Any CPU.ActiveCfg = Release|Any CPU
		{6C596565-8B5B-495D-BD0B-1244767BFFFE}.Release|Any CPU.Build.0 = Release|Any CPU
		{8A7B879B-1301-4DD6-A4DD-FF5C351AA43D}.Debug|Any CPU.ActiveCfg = Debug|Any CPU
		{8A7B879B-1301-4DD6-A4DD-FF5C351AA43D}.Debug|Any CPU.Build.0 = Debug|Any CPU
		{8A7B879B-1301-4DD6-A4DD-FF5C351AA43D}.Release|Any CPU.ActiveCfg = Release|Any CPU
		{8A7B879B-1301-4DD6-A4DD-FF5C351AA43D}.Release|Any CPU.Build.0 = Release|Any CPU
		{29B926F4-0502-4575-819C-BE6C00D61EDE}.Debug|Any CPU.ActiveCfg = Debug|Any CPU
		{29B926F4-0502-4575-819C-BE6C00D61EDE}.Debug|Any CPU.Build.0 = Debug|Any CPU
		{29B926F4-0502-4575-819C-BE6C00D61EDE}.Release|Any CPU.ActiveCfg = Release|Any CPU
		{29B926F4-0502-4575-819C-BE6C00D61EDE}.Release|Any CPU.Build.0 = Release|Any CPU
		{61CF8CC0-2F2D-4E7F-A410-23BD866ECE7E}.Debug|Any CPU.ActiveCfg = Debug|Any CPU
		{61CF8CC0-2F2D-4E7F-A410-23BD866ECE7E}.Debug|Any CPU.Build.0 = Debug|Any CPU
		{61CF8CC0-2F2D-4E7F-A410-23BD866ECE7E}.Release|Any CPU.ActiveCfg = Release|Any CPU
		{61CF8CC0-2F2D-4E7F-A410-23BD866ECE7E}.Release|Any CPU.Build.0 = Release|Any CPU
		{8440C781-A719-4B28-8CD0-9FEB606C2A0B}.Debug|Any CPU.ActiveCfg = Debug|Any CPU
		{8440C781-A719-4B28-8CD0-9FEB606C2A0B}.Debug|Any CPU.Build.0 = Debug|Any CPU
		{8440C781-A719-4B28-8CD0-9FEB606C2A0B}.Release|Any CPU.ActiveCfg = Release|Any CPU
		{8440C781-A719-4B28-8CD0-9FEB606C2A0B}.Release|Any CPU.Build.0 = Release|Any CPU
		{191D7131-B9C9-4D2D-B89A-13F0536875E0}.Debug|Any CPU.ActiveCfg = Debug|Any CPU
		{191D7131-B9C9-4D2D-B89A-13F0536875E0}.Debug|Any CPU.Build.0 = Debug|Any CPU
		{191D7131-B9C9-4D2D-B89A-13F0536875E0}.Release|Any CPU.ActiveCfg = Release|Any CPU
		{191D7131-B9C9-4D2D-B89A-13F0536875E0}.Release|Any CPU.Build.0 = Release|Any CPU
		{608AB405-01E6-4A8D-9B66-7610CB76DCBA}.Debug|Any CPU.ActiveCfg = Debug|Any CPU
		{608AB405-01E6-4A8D-9B66-7610CB76DCBA}.Debug|Any CPU.Build.0 = Debug|Any CPU
		{608AB405-01E6-4A8D-9B66-7610CB76DCBA}.Release|Any CPU.ActiveCfg = Release|Any CPU
		{608AB405-01E6-4A8D-9B66-7610CB76DCBA}.Release|Any CPU.Build.0 = Release|Any CPU
		{AF5B3E21-960D-4AEC-8E58-F211652824A5}.Debug|Any CPU.ActiveCfg = Debug|Any CPU
		{AF5B3E21-960D-4AEC-8E58-F211652824A5}.Debug|Any CPU.Build.0 = Debug|Any CPU
		{AF5B3E21-960D-4AEC-8E58-F211652824A5}.Release|Any CPU.ActiveCfg = Release|Any CPU
		{AF5B3E21-960D-4AEC-8E58-F211652824A5}.Release|Any CPU.Build.0 = Release|Any CPU
		{B2968FB5-9B9C-480F-8968-17100023277B}.Debug|Any CPU.ActiveCfg = Debug|Any CPU
		{B2968FB5-9B9C-480F-8968-17100023277B}.Debug|Any CPU.Build.0 = Debug|Any CPU
		{B2968FB5-9B9C-480F-8968-17100023277B}.Release|Any CPU.ActiveCfg = Release|Any CPU
		{B2968FB5-9B9C-480F-8968-17100023277B}.Release|Any CPU.Build.0 = Release|Any CPU
		{FF2A2E26-5552-476A-80E9-660D98F7D2CC}.Debug|Any CPU.ActiveCfg = Debug|Any CPU
		{FF2A2E26-5552-476A-80E9-660D98F7D2CC}.Debug|Any CPU.Build.0 = Debug|Any CPU
		{FF2A2E26-5552-476A-80E9-660D98F7D2CC}.Release|Any CPU.ActiveCfg = Release|Any CPU
		{FF2A2E26-5552-476A-80E9-660D98F7D2CC}.Release|Any CPU.Build.0 = Release|Any CPU
		{15F19019-986A-49C3-B7ED-BDFEBD486BA5}.Debug|Any CPU.ActiveCfg = Debug|Any CPU
		{15F19019-986A-49C3-B7ED-BDFEBD486BA5}.Debug|Any CPU.Build.0 = Debug|Any CPU
		{15F19019-986A-49C3-B7ED-BDFEBD486BA5}.Release|Any CPU.ActiveCfg = Release|Any CPU
		{15F19019-986A-49C3-B7ED-BDFEBD486BA5}.Release|Any CPU.Build.0 = Release|Any CPU
		{B8B02215-FD3D-43DF-93F6-CB6F52B4C810}.Debug|Any CPU.ActiveCfg = Debug|Any CPU
		{B8B02215-FD3D-43DF-93F6-CB6F52B4C810}.Debug|Any CPU.Build.0 = Debug|Any CPU
		{B8B02215-FD3D-43DF-93F6-CB6F52B4C810}.Release|Any CPU.ActiveCfg = Release|Any CPU
		{B8B02215-FD3D-43DF-93F6-CB6F52B4C810}.Release|Any CPU.Build.0 = Release|Any CPU
		{2C1DBA9B-1313-4177-94EF-9A759D74334B}.Debug|Any CPU.ActiveCfg = Debug|Any CPU
		{2C1DBA9B-1313-4177-94EF-9A759D74334B}.Debug|Any CPU.Build.0 = Debug|Any CPU
		{2C1DBA9B-1313-4177-94EF-9A759D74334B}.Release|Any CPU.ActiveCfg = Release|Any CPU
		{2C1DBA9B-1313-4177-94EF-9A759D74334B}.Release|Any CPU.Build.0 = Release|Any CPU
		{E493F03D-A78A-4AD9-BC6C-58685EED1457}.Debug|Any CPU.ActiveCfg = Debug|Any CPU
		{E493F03D-A78A-4AD9-BC6C-58685EED1457}.Debug|Any CPU.Build.0 = Debug|Any CPU
		{E493F03D-A78A-4AD9-BC6C-58685EED1457}.Release|Any CPU.ActiveCfg = Release|Any CPU
		{E493F03D-A78A-4AD9-BC6C-58685EED1457}.Release|Any CPU.Build.0 = Release|Any CPU
		{85BE7667-C9A2-47D2-A3DB-732D11E2874C}.Debug|Any CPU.ActiveCfg = Debug|Any CPU
		{85BE7667-C9A2-47D2-A3DB-732D11E2874C}.Debug|Any CPU.Build.0 = Debug|Any CPU
		{85BE7667-C9A2-47D2-A3DB-732D11E2874C}.Release|Any CPU.ActiveCfg = Release|Any CPU
		{85BE7667-C9A2-47D2-A3DB-732D11E2874C}.Release|Any CPU.Build.0 = Release|Any CPU
		{699AF08A-FA0F-4021-B92C-4F83CF8E5B5F}.Debug|Any CPU.ActiveCfg = Debug|Any CPU
		{699AF08A-FA0F-4021-B92C-4F83CF8E5B5F}.Debug|Any CPU.Build.0 = Debug|Any CPU
		{699AF08A-FA0F-4021-B92C-4F83CF8E5B5F}.Release|Any CPU.ActiveCfg = Release|Any CPU
		{699AF08A-FA0F-4021-B92C-4F83CF8E5B5F}.Release|Any CPU.Build.0 = Release|Any CPU
		{15AD99F5-7B41-4DBF-8C4D-0A69CAB557D9}.Debug|Any CPU.ActiveCfg = Debug|Any CPU
		{15AD99F5-7B41-4DBF-8C4D-0A69CAB557D9}.Debug|Any CPU.Build.0 = Debug|Any CPU
		{15AD99F5-7B41-4DBF-8C4D-0A69CAB557D9}.Release|Any CPU.ActiveCfg = Release|Any CPU
		{15AD99F5-7B41-4DBF-8C4D-0A69CAB557D9}.Release|Any CPU.Build.0 = Release|Any CPU
		{76FE9D01-8916-46B2-84C8-C518DBFC37EA}.Debug|Any CPU.ActiveCfg = Debug|Any CPU
		{76FE9D01-8916-46B2-84C8-C518DBFC37EA}.Debug|Any CPU.Build.0 = Debug|Any CPU
		{76FE9D01-8916-46B2-84C8-C518DBFC37EA}.Release|Any CPU.ActiveCfg = Release|Any CPU
		{76FE9D01-8916-46B2-84C8-C518DBFC37EA}.Release|Any CPU.Build.0 = Release|Any CPU
		{2F953679-9F9B-45E0-82BE-087A954AB6E2}.Debug|Any CPU.ActiveCfg = Debug|Any CPU
		{2F953679-9F9B-45E0-82BE-087A954AB6E2}.Debug|Any CPU.Build.0 = Debug|Any CPU
		{2F953679-9F9B-45E0-82BE-087A954AB6E2}.Release|Any CPU.ActiveCfg = Release|Any CPU
		{2F953679-9F9B-45E0-82BE-087A954AB6E2}.Release|Any CPU.Build.0 = Release|Any CPU
		{8DAF068D-9253-4463-8033-9F781DCC52CA}.Debug|Any CPU.ActiveCfg = Debug|Any CPU
		{8DAF068D-9253-4463-8033-9F781DCC52CA}.Debug|Any CPU.Build.0 = Debug|Any CPU
		{8DAF068D-9253-4463-8033-9F781DCC52CA}.Release|Any CPU.ActiveCfg = Release|Any CPU
		{8DAF068D-9253-4463-8033-9F781DCC52CA}.Release|Any CPU.Build.0 = Release|Any CPU
		{2FD27F33-1613-4A77-B226-C3657671EE9F}.Debug|Any CPU.ActiveCfg = Debug|Any CPU
		{2FD27F33-1613-4A77-B226-C3657671EE9F}.Debug|Any CPU.Build.0 = Debug|Any CPU
		{2FD27F33-1613-4A77-B226-C3657671EE9F}.Release|Any CPU.ActiveCfg = Release|Any CPU
		{2FD27F33-1613-4A77-B226-C3657671EE9F}.Release|Any CPU.Build.0 = Release|Any CPU
		{1341A9E0-5A89-4B3A-A09E-443FBB935930}.Debug|Any CPU.ActiveCfg = Debug|Any CPU
		{1341A9E0-5A89-4B3A-A09E-443FBB935930}.Debug|Any CPU.Build.0 = Debug|Any CPU
		{1341A9E0-5A89-4B3A-A09E-443FBB935930}.Release|Any CPU.ActiveCfg = Release|Any CPU
		{1341A9E0-5A89-4B3A-A09E-443FBB935930}.Release|Any CPU.Build.0 = Release|Any CPU
		{E8C81053-3B97-4862-B7EC-112A0B6CAEDD}.Debug|Any CPU.ActiveCfg = Debug|Any CPU
		{E8C81053-3B97-4862-B7EC-112A0B6CAEDD}.Debug|Any CPU.Build.0 = Debug|Any CPU
		{E8C81053-3B97-4862-B7EC-112A0B6CAEDD}.Release|Any CPU.ActiveCfg = Release|Any CPU
		{E8C81053-3B97-4862-B7EC-112A0B6CAEDD}.Release|Any CPU.Build.0 = Release|Any CPU
		{127C5840-E91E-4073-A406-F17F99CFC046}.Debug|Any CPU.ActiveCfg = Debug|Any CPU
		{127C5840-E91E-4073-A406-F17F99CFC046}.Debug|Any CPU.Build.0 = Debug|Any CPU
		{127C5840-E91E-4073-A406-F17F99CFC046}.Release|Any CPU.ActiveCfg = Release|Any CPU
		{127C5840-E91E-4073-A406-F17F99CFC046}.Release|Any CPU.Build.0 = Release|Any CPU
		{14F37AC8-41AC-4F42-8A64-B673FB48D104}.Debug|Any CPU.ActiveCfg = Debug|Any CPU
		{14F37AC8-41AC-4F42-8A64-B673FB48D104}.Debug|Any CPU.Build.0 = Debug|Any CPU
		{14F37AC8-41AC-4F42-8A64-B673FB48D104}.Release|Any CPU.ActiveCfg = Release|Any CPU
		{14F37AC8-41AC-4F42-8A64-B673FB48D104}.Release|Any CPU.Build.0 = Release|Any CPU
		{DA956DA1-471F-4B92-A8E0-A10E632A4336}.Debug|Any CPU.ActiveCfg = Debug|Any CPU
		{DA956DA1-471F-4B92-A8E0-A10E632A4336}.Debug|Any CPU.Build.0 = Debug|Any CPU
		{DA956DA1-471F-4B92-A8E0-A10E632A4336}.Release|Any CPU.ActiveCfg = Release|Any CPU
		{DA956DA1-471F-4B92-A8E0-A10E632A4336}.Release|Any CPU.Build.0 = Release|Any CPU
		{E5E780D9-FCA3-4BAF-90C8-E1A4CE26E10A}.Debug|Any CPU.ActiveCfg = Debug|Any CPU
		{E5E780D9-FCA3-4BAF-90C8-E1A4CE26E10A}.Debug|Any CPU.Build.0 = Debug|Any CPU
		{E5E780D9-FCA3-4BAF-90C8-E1A4CE26E10A}.Release|Any CPU.ActiveCfg = Release|Any CPU
		{E5E780D9-FCA3-4BAF-90C8-E1A4CE26E10A}.Release|Any CPU.Build.0 = Release|Any CPU
		{18C3CDA0-87E5-4E05-91A2-EE95F8B7E7F7}.Debug|Any CPU.ActiveCfg = Debug|Any CPU
		{18C3CDA0-87E5-4E05-91A2-EE95F8B7E7F7}.Debug|Any CPU.Build.0 = Debug|Any CPU
		{18C3CDA0-87E5-4E05-91A2-EE95F8B7E7F7}.Release|Any CPU.ActiveCfg = Release|Any CPU
		{18C3CDA0-87E5-4E05-91A2-EE95F8B7E7F7}.Release|Any CPU.Build.0 = Release|Any CPU
		{AA71FF58-CF0D-467F-9FDA-2883DD73DA31}.Debug|Any CPU.ActiveCfg = Debug|Any CPU
		{AA71FF58-CF0D-467F-9FDA-2883DD73DA31}.Debug|Any CPU.Build.0 = Debug|Any CPU
		{AA71FF58-CF0D-467F-9FDA-2883DD73DA31}.Release|Any CPU.ActiveCfg = Release|Any CPU
		{AA71FF58-CF0D-467F-9FDA-2883DD73DA31}.Release|Any CPU.Build.0 = Release|Any CPU
		{1EAB617D-513E-4376-A464-530005F27ECC}.Debug|Any CPU.ActiveCfg = Debug|Any CPU
		{1EAB617D-513E-4376-A464-530005F27ECC}.Debug|Any CPU.Build.0 = Debug|Any CPU
		{1EAB617D-513E-4376-A464-530005F27ECC}.Release|Any CPU.ActiveCfg = Release|Any CPU
		{1EAB617D-513E-4376-A464-530005F27ECC}.Release|Any CPU.Build.0 = Release|Any CPU
		{9FB03401-450A-433B-8E3C-F11D8FB39B76}.Debug|Any CPU.ActiveCfg = Debug|Any CPU
		{9FB03401-450A-433B-8E3C-F11D8FB39B76}.Debug|Any CPU.Build.0 = Debug|Any CPU
		{9FB03401-450A-433B-8E3C-F11D8FB39B76}.Release|Any CPU.ActiveCfg = Release|Any CPU
		{9FB03401-450A-433B-8E3C-F11D8FB39B76}.Release|Any CPU.Build.0 = Release|Any CPU
		{AEECAA4C-663C-491C-8F93-FB83A8B4E0A2}.Debug|Any CPU.ActiveCfg = Debug|Any CPU
		{AEECAA4C-663C-491C-8F93-FB83A8B4E0A2}.Debug|Any CPU.Build.0 = Debug|Any CPU
		{AEECAA4C-663C-491C-8F93-FB83A8B4E0A2}.Release|Any CPU.ActiveCfg = Release|Any CPU
		{AEECAA4C-663C-491C-8F93-FB83A8B4E0A2}.Release|Any CPU.Build.0 = Release|Any CPU
	EndGlobalSection
	GlobalSection(SolutionProperties) = preSolution
		HideSolutionNode = FALSE
	EndGlobalSection
	GlobalSection(NestedProjects) = preSolution
		{A27C8140-8A38-4BAB-AC7D-BA2A987FF39B} = {CE943C7E-66DA-4F21-A97D-7897AA426F34}
		{6AB262EB-D721-46B6-9987-BF93EDA0FA24} = {CE943C7E-66DA-4F21-A97D-7897AA426F34}
		{32572EC3-8AA2-4474-86DC-7B6E2595533F} = {CE943C7E-66DA-4F21-A97D-7897AA426F34}
		{8440C781-A719-4B28-8CD0-9FEB606C2A0B} = {CE943C7E-66DA-4F21-A97D-7897AA426F34}
		{AF5B3E21-960D-4AEC-8E58-F211652824A5} = {CE943C7E-66DA-4F21-A97D-7897AA426F34}
		{699AF08A-FA0F-4021-B92C-4F83CF8E5B5F} = {CE943C7E-66DA-4F21-A97D-7897AA426F34}
		{15AD99F5-7B41-4DBF-8C4D-0A69CAB557D9} = {CE943C7E-66DA-4F21-A97D-7897AA426F34}
		{2F953679-9F9B-45E0-82BE-087A954AB6E2} = {CE943C7E-66DA-4F21-A97D-7897AA426F34}
		{2FD27F33-1613-4A77-B226-C3657671EE9F} = {CE943C7E-66DA-4F21-A97D-7897AA426F34}
		{AA71FF58-CF0D-467F-9FDA-2883DD73DA31} = {CE943C7E-66DA-4F21-A97D-7897AA426F34}
	EndGlobalSection
	GlobalSection(ExtensibilityGlobals) = postSolution
		SolutionGuid = {331ADDC7-02A4-4F0E-8C47-2060003082F2}
	EndGlobalSection
EndGlobal
